// !$*UTF8*$!
{
	archiveVersion = 1;
	classes = {
	};
	objectVersion = 56;
	objects = {

/* Begin PBXBuildFile section */
		2260B09D2A80ED6B00B7CE83 /* RemoteFeedLoader.swift in Sources */ = {isa = PBXBuildFile; fileRef = 2260B09C2A80ED6B00B7CE83 /* RemoteFeedLoader.swift */; };
		22BF827D2A8873CB00196095 /* EssentialFeedAPIEndToEndTests.swift in Sources */ = {isa = PBXBuildFile; fileRef = 22BF827C2A8873CB00196095 /* EssentialFeedAPIEndToEndTests.swift */; };
		22BF827E2A8873CB00196095 /* EssentialFeed.framework in Frameworks */ = {isa = PBXBuildFile; fileRef = 2ECF23E32A7CFB97009F2ACB /* EssentialFeed.framework */; };
		22BF82852A887DD300196095 /* XCTestCase+MemoryLeakTracking.swift in Sources */ = {isa = PBXBuildFile; fileRef = 22DEC2A22A863350000150DF /* XCTestCase+MemoryLeakTracking.swift */; };
		22C11FC62A837324006D2E80 /* HTTPClient.swift in Sources */ = {isa = PBXBuildFile; fileRef = 22C11FC52A837324006D2E80 /* HTTPClient.swift */; };
		22C5A1DE2A84E200000894FE /* URLSessionHTTPClientTest.swift in Sources */ = {isa = PBXBuildFile; fileRef = 22C5A1DD2A84E200000894FE /* URLSessionHTTPClientTest.swift */; };
		22DA70082A83783900BE7608 /* FeedItemsMapper.swift in Sources */ = {isa = PBXBuildFile; fileRef = 22DA70072A83783900BE7608 /* FeedItemsMapper.swift */; };
		22DEC2A32A863350000150DF /* XCTestCase+MemoryLeakTracking.swift in Sources */ = {isa = PBXBuildFile; fileRef = 22DEC2A22A863350000150DF /* XCTestCase+MemoryLeakTracking.swift */; };
		22E1FF3B2A8382E90094DEC1 /* EssentialFeed.xctestplan in Resources */ = {isa = PBXBuildFile; fileRef = 22E1FF3A2A8382E90094DEC1 /* EssentialFeed.xctestplan */; };
		22FDB1AA2A86938A00174801 /* URLSessionHTTPClient.swift in Sources */ = {isa = PBXBuildFile; fileRef = 22FDB1A92A86938A00174801 /* URLSessionHTTPClient.swift */; };
		2ECF23EC2A7CFB97009F2ACB /* EssentialFeed.framework in Frameworks */ = {isa = PBXBuildFile; fileRef = 2ECF23E32A7CFB97009F2ACB /* EssentialFeed.framework */; };
		2ECF23F12A7CFB97009F2ACB /* LoadFeedFromRemoteUseCaseTests.swift in Sources */ = {isa = PBXBuildFile; fileRef = 2ECF23F02A7CFB97009F2ACB /* LoadFeedFromRemoteUseCaseTests.swift */; };
		2ECF23FC2A7CFBF2009F2ACB /* FeedItem.swift in Sources */ = {isa = PBXBuildFile; fileRef = 2ECF23FB2A7CFBF2009F2ACB /* FeedItem.swift */; };
		2ECF24002A7CFCF7009F2ACB /* FeedLoader.swift in Sources */ = {isa = PBXBuildFile; fileRef = 2ECF23FF2A7CFCF7009F2ACB /* FeedLoader.swift */; };
/* End PBXBuildFile section */

/* Begin PBXContainerItemProxy section */
		22BF827F2A8873CB00196095 /* PBXContainerItemProxy */ = {
			isa = PBXContainerItemProxy;
			containerPortal = 2ECF23DA2A7CFB97009F2ACB /* Project object */;
			proxyType = 1;
			remoteGlobalIDString = 2ECF23E22A7CFB97009F2ACB;
			remoteInfo = EssentialFeed;
		};
		2ECF23ED2A7CFB97009F2ACB /* PBXContainerItemProxy */ = {
			isa = PBXContainerItemProxy;
			containerPortal = 2ECF23DA2A7CFB97009F2ACB /* Project object */;
			proxyType = 1;
			remoteGlobalIDString = 2ECF23E22A7CFB97009F2ACB;
			remoteInfo = EssentialFeed;
		};
/* End PBXContainerItemProxy section */

/* Begin PBXFileReference section */
		2260B09C2A80ED6B00B7CE83 /* RemoteFeedLoader.swift */ = {isa = PBXFileReference; lastKnownFileType = sourcecode.swift; path = RemoteFeedLoader.swift; sourceTree = "<group>"; };
		22BF827A2A8873CB00196095 /* EssentialFeedAPIEndToEndTests.xctest */ = {isa = PBXFileReference; explicitFileType = wrapper.cfbundle; includeInIndex = 0; path = EssentialFeedAPIEndToEndTests.xctest; sourceTree = BUILT_PRODUCTS_DIR; };
		22BF827C2A8873CB00196095 /* EssentialFeedAPIEndToEndTests.swift */ = {isa = PBXFileReference; lastKnownFileType = sourcecode.swift; path = EssentialFeedAPIEndToEndTests.swift; sourceTree = "<group>"; };
		22BF82842A887C9600196095 /* EssentialFeedAPIEndToEndTests.xctestplan */ = {isa = PBXFileReference; lastKnownFileType = text; path = EssentialFeedAPIEndToEndTests.xctestplan; sourceTree = "<group>"; };
		22BF82862A8908D600196095 /* CI.xctestplan */ = {isa = PBXFileReference; lastKnownFileType = text; path = CI.xctestplan; sourceTree = "<group>"; };
		22C11FC52A837324006D2E80 /* HTTPClient.swift */ = {isa = PBXFileReference; lastKnownFileType = sourcecode.swift; path = HTTPClient.swift; sourceTree = "<group>"; };
		22C5A1DD2A84E200000894FE /* URLSessionHTTPClientTest.swift */ = {isa = PBXFileReference; lastKnownFileType = sourcecode.swift; path = URLSessionHTTPClientTest.swift; sourceTree = "<group>"; };
		22DA70072A83783900BE7608 /* FeedItemsMapper.swift */ = {isa = PBXFileReference; lastKnownFileType = sourcecode.swift; path = FeedItemsMapper.swift; sourceTree = "<group>"; };
		22DEC2A22A863350000150DF /* XCTestCase+MemoryLeakTracking.swift */ = {isa = PBXFileReference; lastKnownFileType = sourcecode.swift; path = "XCTestCase+MemoryLeakTracking.swift"; sourceTree = "<group>"; };
		22E1FF3A2A8382E90094DEC1 /* EssentialFeed.xctestplan */ = {isa = PBXFileReference; fileEncoding = 4; lastKnownFileType = text; path = EssentialFeed.xctestplan; sourceTree = "<group>"; };
		22F3C2B22A891D3A001BF381 /* CI.xctestplan */ = {isa = PBXFileReference; lastKnownFileType = text; path = CI.xctestplan; sourceTree = "<group>"; };
		22FDB1A92A86938A00174801 /* URLSessionHTTPClient.swift */ = {isa = PBXFileReference; lastKnownFileType = sourcecode.swift; path = URLSessionHTTPClient.swift; sourceTree = "<group>"; };
		2ECF23E32A7CFB97009F2ACB /* EssentialFeed.framework */ = {isa = PBXFileReference; explicitFileType = wrapper.framework; includeInIndex = 0; path = EssentialFeed.framework; sourceTree = BUILT_PRODUCTS_DIR; };
		2ECF23EB2A7CFB97009F2ACB /* EssentialFeedTests.xctest */ = {isa = PBXFileReference; explicitFileType = wrapper.cfbundle; includeInIndex = 0; path = EssentialFeedTests.xctest; sourceTree = BUILT_PRODUCTS_DIR; };
		2ECF23F02A7CFB97009F2ACB /* LoadFeedFromRemoteUseCaseTests.swift */ = {isa = PBXFileReference; lastKnownFileType = sourcecode.swift; path = LoadFeedFromRemoteUseCaseTests.swift; sourceTree = "<group>"; };
		2ECF23FB2A7CFBF2009F2ACB /* FeedItem.swift */ = {isa = PBXFileReference; lastKnownFileType = sourcecode.swift; path = FeedItem.swift; sourceTree = "<group>"; };
		2ECF23FF2A7CFCF7009F2ACB /* FeedLoader.swift */ = {isa = PBXFileReference; lastKnownFileType = sourcecode.swift; path = FeedLoader.swift; sourceTree = "<group>"; };
/* End PBXFileReference section */

/* Begin PBXFrameworksBuildPhase section */
		22BF82772A8873CB00196095 /* Frameworks */ = {
			isa = PBXFrameworksBuildPhase;
			buildActionMask = 2147483647;
			files = (
				22BF827E2A8873CB00196095 /* EssentialFeed.framework in Frameworks */,
			);
			runOnlyForDeploymentPostprocessing = 0;
		};
		2ECF23E02A7CFB97009F2ACB /* Frameworks */ = {
			isa = PBXFrameworksBuildPhase;
			buildActionMask = 2147483647;
			files = (
			);
			runOnlyForDeploymentPostprocessing = 0;
		};
		2ECF23E82A7CFB97009F2ACB /* Frameworks */ = {
			isa = PBXFrameworksBuildPhase;
			buildActionMask = 2147483647;
			files = (
				2ECF23EC2A7CFB97009F2ACB /* EssentialFeed.framework in Frameworks */,
			);
			runOnlyForDeploymentPostprocessing = 0;
		};
/* End PBXFrameworksBuildPhase section */

/* Begin PBXGroup section */
		2260B09B2A80ED5000B7CE83 /* Feed API */ = {
			isa = PBXGroup;
			children = (
				2260B09C2A80ED6B00B7CE83 /* RemoteFeedLoader.swift */,
				22C11FC52A837324006D2E80 /* HTTPClient.swift */,
				22DA70072A83783900BE7608 /* FeedItemsMapper.swift */,
				22FDB1A92A86938A00174801 /* URLSessionHTTPClient.swift */,
			);
			path = "Feed API";
			sourceTree = "<group>";
		};
		22BF827B2A8873CB00196095 /* EssentialFeedAPIEndToEndTests */ = {
			isa = PBXGroup;
			children = (
				22BF827C2A8873CB00196095 /* EssentialFeedAPIEndToEndTests.swift */,
			);
			path = EssentialFeedAPIEndToEndTests;
			sourceTree = "<group>";
		};
		22DEC2A12A863338000150DF /* Helpers */ = {
			isa = PBXGroup;
			children = (
				22DEC2A22A863350000150DF /* XCTestCase+MemoryLeakTracking.swift */,
			);
			path = Helpers;
			sourceTree = "<group>";
		};
		22E1FF372A837DCC0094DEC1 /* Feed API */ = {
			isa = PBXGroup;
			children = (
				22DEC2A12A863338000150DF /* Helpers */,
				2ECF23F02A7CFB97009F2ACB /* LoadFeedFromRemoteUseCaseTests.swift */,
				22C5A1DD2A84E200000894FE /* URLSessionHTTPClientTest.swift */,
			);
			path = "Feed API";
			sourceTree = "<group>";
		};
		2ECF23D92A7CFB97009F2ACB = {
			isa = PBXGroup;
			children = (
				22F3C2B22A891D3A001BF381 /* CI.xctestplan */,
				22BF82862A8908D600196095 /* CI.xctestplan */,
				22BF82842A887C9600196095 /* EssentialFeedAPIEndToEndTests.xctestplan */,
				22E1FF3A2A8382E90094DEC1 /* EssentialFeed.xctestplan */,
				2ECF23E52A7CFB97009F2ACB /* EssentialFeed */,
				2ECF23EF2A7CFB97009F2ACB /* EssentialFeedTests */,
				22BF827B2A8873CB00196095 /* EssentialFeedAPIEndToEndTests */,
				2ECF23E42A7CFB97009F2ACB /* Products */,
			);
			sourceTree = "<group>";
		};
		2ECF23E42A7CFB97009F2ACB /* Products */ = {
			isa = PBXGroup;
			children = (
				2ECF23E32A7CFB97009F2ACB /* EssentialFeed.framework */,
				2ECF23EB2A7CFB97009F2ACB /* EssentialFeedTests.xctest */,
				22BF827A2A8873CB00196095 /* EssentialFeedAPIEndToEndTests.xctest */,
			);
			name = Products;
			sourceTree = "<group>";
		};
		2ECF23E52A7CFB97009F2ACB /* EssentialFeed */ = {
			isa = PBXGroup;
			children = (
				2260B09B2A80ED5000B7CE83 /* Feed API */,
				2ECF24012A7CFD07009F2ACB /* Feed Feature */,
			);
			path = EssentialFeed;
			sourceTree = "<group>";
		};
		2ECF23EF2A7CFB97009F2ACB /* EssentialFeedTests */ = {
			isa = PBXGroup;
			children = (
				22E1FF372A837DCC0094DEC1 /* Feed API */,
			);
			path = EssentialFeedTests;
			sourceTree = "<group>";
		};
		2ECF24012A7CFD07009F2ACB /* Feed Feature */ = {
			isa = PBXGroup;
			children = (
				2ECF23FF2A7CFCF7009F2ACB /* FeedLoader.swift */,
				2ECF23FB2A7CFBF2009F2ACB /* FeedItem.swift */,
			);
			path = "Feed Feature";
			sourceTree = "<group>";
		};
/* End PBXGroup section */

/* Begin PBXHeadersBuildPhase section */
		2ECF23DE2A7CFB97009F2ACB /* Headers */ = {
			isa = PBXHeadersBuildPhase;
			buildActionMask = 2147483647;
			files = (
			);
			runOnlyForDeploymentPostprocessing = 0;
		};
/* End PBXHeadersBuildPhase section */

/* Begin PBXNativeTarget section */
		22BF82792A8873CB00196095 /* EssentialFeedAPIEndToEndTests */ = {
			isa = PBXNativeTarget;
			buildConfigurationList = 22BF82832A8873CB00196095 /* Build configuration list for PBXNativeTarget "EssentialFeedAPIEndToEndTests" */;
			buildPhases = (
				22BF82762A8873CB00196095 /* Sources */,
				22BF82772A8873CB00196095 /* Frameworks */,
				22BF82782A8873CB00196095 /* Resources */,
			);
			buildRules = (
			);
			dependencies = (
				22BF82802A8873CB00196095 /* PBXTargetDependency */,
			);
			name = EssentialFeedAPIEndToEndTests;
			productName = EssentialFeedAPIEndToEndTests;
			productReference = 22BF827A2A8873CB00196095 /* EssentialFeedAPIEndToEndTests.xctest */;
			productType = "com.apple.product-type.bundle.unit-test";
		};
		2ECF23E22A7CFB97009F2ACB /* EssentialFeed */ = {
			isa = PBXNativeTarget;
			buildConfigurationList = 2ECF23F52A7CFB97009F2ACB /* Build configuration list for PBXNativeTarget "EssentialFeed" */;
			buildPhases = (
				2ECF23DE2A7CFB97009F2ACB /* Headers */,
				2ECF23DF2A7CFB97009F2ACB /* Sources */,
				2ECF23E02A7CFB97009F2ACB /* Frameworks */,
				2ECF23E12A7CFB97009F2ACB /* Resources */,
			);
			buildRules = (
			);
			dependencies = (
			);
			name = EssentialFeed;
			productName = EssentialFeed;
			productReference = 2ECF23E32A7CFB97009F2ACB /* EssentialFeed.framework */;
			productType = "com.apple.product-type.framework";
		};
		2ECF23EA2A7CFB97009F2ACB /* EssentialFeedTests */ = {
			isa = PBXNativeTarget;
			buildConfigurationList = 2ECF23F82A7CFB97009F2ACB /* Build configuration list for PBXNativeTarget "EssentialFeedTests" */;
			buildPhases = (
				2ECF23E72A7CFB97009F2ACB /* Sources */,
				2ECF23E82A7CFB97009F2ACB /* Frameworks */,
				2ECF23E92A7CFB97009F2ACB /* Resources */,
			);
			buildRules = (
			);
			dependencies = (
				2ECF23EE2A7CFB97009F2ACB /* PBXTargetDependency */,
			);
			name = EssentialFeedTests;
			productName = EssentialFeedTests;
			productReference = 2ECF23EB2A7CFB97009F2ACB /* EssentialFeedTests.xctest */;
			productType = "com.apple.product-type.bundle.unit-test";
		};
/* End PBXNativeTarget section */

/* Begin PBXProject section */
		2ECF23DA2A7CFB97009F2ACB /* Project object */ = {
			isa = PBXProject;
			attributes = {
				BuildIndependentTargetsInParallel = 1;
				LastSwiftUpdateCheck = 1430;
				LastUpgradeCheck = 1420;
				TargetAttributes = {
					22BF82792A8873CB00196095 = {
						CreatedOnToolsVersion = 14.3.1;
					};
					2ECF23E22A7CFB97009F2ACB = {
						CreatedOnToolsVersion = 14.2;
						LastSwiftMigration = 1420;
					};
					2ECF23EA2A7CFB97009F2ACB = {
						CreatedOnToolsVersion = 14.2;
					};
				};
			};
			buildConfigurationList = 2ECF23DD2A7CFB97009F2ACB /* Build configuration list for PBXProject "EssentialFeed" */;
			compatibilityVersion = "Xcode 14.0";
			developmentRegion = en;
			hasScannedForEncodings = 0;
			knownRegions = (
				en,
				Base,
			);
			mainGroup = 2ECF23D92A7CFB97009F2ACB;
			productRefGroup = 2ECF23E42A7CFB97009F2ACB /* Products */;
			projectDirPath = "";
			projectRoot = "";
			targets = (
				2ECF23E22A7CFB97009F2ACB /* EssentialFeed */,
				2ECF23EA2A7CFB97009F2ACB /* EssentialFeedTests */,
				22BF82792A8873CB00196095 /* EssentialFeedAPIEndToEndTests */,
			);
		};
/* End PBXProject section */

/* Begin PBXResourcesBuildPhase section */
		22BF82782A8873CB00196095 /* Resources */ = {
			isa = PBXResourcesBuildPhase;
			buildActionMask = 2147483647;
			files = (
			);
			runOnlyForDeploymentPostprocessing = 0;
		};
		2ECF23E12A7CFB97009F2ACB /* Resources */ = {
			isa = PBXResourcesBuildPhase;
			buildActionMask = 2147483647;
			files = (
				22E1FF3B2A8382E90094DEC1 /* EssentialFeed.xctestplan in Resources */,
			);
			runOnlyForDeploymentPostprocessing = 0;
		};
		2ECF23E92A7CFB97009F2ACB /* Resources */ = {
			isa = PBXResourcesBuildPhase;
			buildActionMask = 2147483647;
			files = (
			);
			runOnlyForDeploymentPostprocessing = 0;
		};
/* End PBXResourcesBuildPhase section */

/* Begin PBXSourcesBuildPhase section */
		22BF82762A8873CB00196095 /* Sources */ = {
			isa = PBXSourcesBuildPhase;
			buildActionMask = 2147483647;
			files = (
				22BF827D2A8873CB00196095 /* EssentialFeedAPIEndToEndTests.swift in Sources */,
				22BF82852A887DD300196095 /* XCTestCase+MemoryLeakTracking.swift in Sources */,
			);
			runOnlyForDeploymentPostprocessing = 0;
		};
		2ECF23DF2A7CFB97009F2ACB /* Sources */ = {
			isa = PBXSourcesBuildPhase;
			buildActionMask = 2147483647;
			files = (
				22DA70082A83783900BE7608 /* FeedItemsMapper.swift in Sources */,
				2ECF24002A7CFCF7009F2ACB /* FeedLoader.swift in Sources */,
				2260B09D2A80ED6B00B7CE83 /* RemoteFeedLoader.swift in Sources */,
				22C11FC62A837324006D2E80 /* HTTPClient.swift in Sources */,
				2ECF23FC2A7CFBF2009F2ACB /* FeedItem.swift in Sources */,
				22FDB1AA2A86938A00174801 /* URLSessionHTTPClient.swift in Sources */,
			);
			runOnlyForDeploymentPostprocessing = 0;
		};
		2ECF23E72A7CFB97009F2ACB /* Sources */ = {
			isa = PBXSourcesBuildPhase;
			buildActionMask = 2147483647;
			files = (
				2ECF23F12A7CFB97009F2ACB /* LoadFeedFromRemoteUseCaseTests.swift in Sources */,
				22DEC2A32A863350000150DF /* XCTestCase+MemoryLeakTracking.swift in Sources */,
				22C5A1DE2A84E200000894FE /* URLSessionHTTPClientTest.swift in Sources */,
			);
			runOnlyForDeploymentPostprocessing = 0;
		};
/* End PBXSourcesBuildPhase section */

/* Begin PBXTargetDependency section */
		22BF82802A8873CB00196095 /* PBXTargetDependency */ = {
			isa = PBXTargetDependency;
			target = 2ECF23E22A7CFB97009F2ACB /* EssentialFeed */;
			targetProxy = 22BF827F2A8873CB00196095 /* PBXContainerItemProxy */;
		};
		2ECF23EE2A7CFB97009F2ACB /* PBXTargetDependency */ = {
			isa = PBXTargetDependency;
			target = 2ECF23E22A7CFB97009F2ACB /* EssentialFeed */;
			targetProxy = 2ECF23ED2A7CFB97009F2ACB /* PBXContainerItemProxy */;
		};
/* End PBXTargetDependency section */

/* Begin XCBuildConfiguration section */
		22BF82812A8873CB00196095 /* Debug */ = {
			isa = XCBuildConfiguration;
			buildSettings = {
				CODE_SIGN_STYLE = Automatic;
				CURRENT_PROJECT_VERSION = 1;
				DEVELOPMENT_TEAM = 9F2D4H2CZL;
				GENERATE_INFOPLIST_FILE = YES;
				MACOSX_DEPLOYMENT_TARGET = 13.3;
				MARKETING_VERSION = 1.0;
				PRODUCT_BUNDLE_IDENTIFIER = sinhlh.EssentialFeedAPIEndToEndTests;
				PRODUCT_NAME = "$(TARGET_NAME)";
				SWIFT_EMIT_LOC_STRINGS = NO;
				SWIFT_VERSION = 5.0;
			};
			name = Debug;
		};
		22BF82822A8873CB00196095 /* Release */ = {
			isa = XCBuildConfiguration;
			buildSettings = {
				CODE_SIGN_STYLE = Automatic;
				CURRENT_PROJECT_VERSION = 1;
				DEVELOPMENT_TEAM = 9F2D4H2CZL;
				GENERATE_INFOPLIST_FILE = YES;
				MACOSX_DEPLOYMENT_TARGET = 13.3;
				MARKETING_VERSION = 1.0;
				PRODUCT_BUNDLE_IDENTIFIER = sinhlh.EssentialFeedAPIEndToEndTests;
				PRODUCT_NAME = "$(TARGET_NAME)";
				SWIFT_EMIT_LOC_STRINGS = NO;
				SWIFT_VERSION = 5.0;
			};
			name = Release;
		};
		2ECF23F32A7CFB97009F2ACB /* Debug */ = {
			isa = XCBuildConfiguration;
			buildSettings = {
				ALWAYS_SEARCH_USER_PATHS = NO;
				CLANG_ANALYZER_NONNULL = YES;
				CLANG_ANALYZER_NUMBER_OBJECT_CONVERSION = YES_AGGRESSIVE;
				CLANG_CXX_LANGUAGE_STANDARD = "gnu++20";
				CLANG_ENABLE_MODULES = YES;
				CLANG_ENABLE_OBJC_ARC = YES;
				CLANG_ENABLE_OBJC_WEAK = YES;
				CLANG_WARN_BLOCK_CAPTURE_AUTORELEASING = YES;
				CLANG_WARN_BOOL_CONVERSION = YES;
				CLANG_WARN_COMMA = YES;
				CLANG_WARN_CONSTANT_CONVERSION = YES;
				CLANG_WARN_DEPRECATED_OBJC_IMPLEMENTATIONS = YES;
				CLANG_WARN_DIRECT_OBJC_ISA_USAGE = YES_ERROR;
				CLANG_WARN_DOCUMENTATION_COMMENTS = YES;
				CLANG_WARN_EMPTY_BODY = YES;
				CLANG_WARN_ENUM_CONVERSION = YES;
				CLANG_WARN_INFINITE_RECURSION = YES;
				CLANG_WARN_INT_CONVERSION = YES;
				CLANG_WARN_NON_LITERAL_NULL_CONVERSION = YES;
				CLANG_WARN_OBJC_IMPLICIT_RETAIN_SELF = YES;
				CLANG_WARN_OBJC_LITERAL_CONVERSION = YES;
				CLANG_WARN_OBJC_ROOT_CLASS = YES_ERROR;
				CLANG_WARN_QUOTED_INCLUDE_IN_FRAMEWORK_HEADER = YES;
				CLANG_WARN_RANGE_LOOP_ANALYSIS = YES;
				CLANG_WARN_STRICT_PROTOTYPES = YES;
				CLANG_WARN_SUSPICIOUS_MOVE = YES;
				CLANG_WARN_UNGUARDED_AVAILABILITY = YES_AGGRESSIVE;
				CLANG_WARN_UNREACHABLE_CODE = YES;
				CLANG_WARN__DUPLICATE_METHOD_MATCH = YES;
				COPY_PHASE_STRIP = NO;
				CURRENT_PROJECT_VERSION = 1;
				DEBUG_INFORMATION_FORMAT = dwarf;
				ENABLE_STRICT_OBJC_MSGSEND = YES;
				ENABLE_TESTABILITY = YES;
				GCC_C_LANGUAGE_STANDARD = gnu11;
				GCC_DYNAMIC_NO_PIC = NO;
				GCC_NO_COMMON_BLOCKS = YES;
				GCC_OPTIMIZATION_LEVEL = 0;
				GCC_PREPROCESSOR_DEFINITIONS = (
					"DEBUG=1",
					"$(inherited)",
				);
				GCC_WARN_64_TO_32_BIT_CONVERSION = YES;
				GCC_WARN_ABOUT_RETURN_TYPE = YES_ERROR;
				GCC_WARN_UNDECLARED_SELECTOR = YES;
				GCC_WARN_UNINITIALIZED_AUTOS = YES_AGGRESSIVE;
				GCC_WARN_UNUSED_FUNCTION = YES;
				GCC_WARN_UNUSED_VARIABLE = YES;
				IPHONEOS_DEPLOYMENT_TARGET = 16.2;
				MACOSX_DEPLOYMENT_TARGET = 12.4;
				MTL_ENABLE_DEBUG_INFO = INCLUDE_SOURCE;
				MTL_FAST_MATH = YES;
				ONLY_ACTIVE_ARCH = YES;
				SDKROOT = macosx;
				SWIFT_ACTIVE_COMPILATION_CONDITIONS = DEBUG;
				SWIFT_OPTIMIZATION_LEVEL = "-Onone";
				TEST_HOST = "$(BUNDLE_LOADER)";
				VERSIONING_SYSTEM = "apple-generic";
				VERSION_INFO_PREFIX = "";
			};
			name = Debug;
		};
		2ECF23F42A7CFB97009F2ACB /* Release */ = {
			isa = XCBuildConfiguration;
			buildSettings = {
				ALWAYS_SEARCH_USER_PATHS = NO;
				CLANG_ANALYZER_NONNULL = YES;
				CLANG_ANALYZER_NUMBER_OBJECT_CONVERSION = YES_AGGRESSIVE;
				CLANG_CXX_LANGUAGE_STANDARD = "gnu++20";
				CLANG_ENABLE_MODULES = YES;
				CLANG_ENABLE_OBJC_ARC = YES;
				CLANG_ENABLE_OBJC_WEAK = YES;
				CLANG_WARN_BLOCK_CAPTURE_AUTORELEASING = YES;
				CLANG_WARN_BOOL_CONVERSION = YES;
				CLANG_WARN_COMMA = YES;
				CLANG_WARN_CONSTANT_CONVERSION = YES;
				CLANG_WARN_DEPRECATED_OBJC_IMPLEMENTATIONS = YES;
				CLANG_WARN_DIRECT_OBJC_ISA_USAGE = YES_ERROR;
				CLANG_WARN_DOCUMENTATION_COMMENTS = YES;
				CLANG_WARN_EMPTY_BODY = YES;
				CLANG_WARN_ENUM_CONVERSION = YES;
				CLANG_WARN_INFINITE_RECURSION = YES;
				CLANG_WARN_INT_CONVERSION = YES;
				CLANG_WARN_NON_LITERAL_NULL_CONVERSION = YES;
				CLANG_WARN_OBJC_IMPLICIT_RETAIN_SELF = YES;
				CLANG_WARN_OBJC_LITERAL_CONVERSION = YES;
				CLANG_WARN_OBJC_ROOT_CLASS = YES_ERROR;
				CLANG_WARN_QUOTED_INCLUDE_IN_FRAMEWORK_HEADER = YES;
				CLANG_WARN_RANGE_LOOP_ANALYSIS = YES;
				CLANG_WARN_STRICT_PROTOTYPES = YES;
				CLANG_WARN_SUSPICIOUS_MOVE = YES;
				CLANG_WARN_UNGUARDED_AVAILABILITY = YES_AGGRESSIVE;
				CLANG_WARN_UNREACHABLE_CODE = YES;
				CLANG_WARN__DUPLICATE_METHOD_MATCH = YES;
				COPY_PHASE_STRIP = NO;
				CURRENT_PROJECT_VERSION = 1;
				DEBUG_INFORMATION_FORMAT = "dwarf-with-dsym";
				ENABLE_NS_ASSERTIONS = NO;
				ENABLE_STRICT_OBJC_MSGSEND = YES;
				GCC_C_LANGUAGE_STANDARD = gnu11;
				GCC_NO_COMMON_BLOCKS = YES;
				GCC_WARN_64_TO_32_BIT_CONVERSION = YES;
				GCC_WARN_ABOUT_RETURN_TYPE = YES_ERROR;
				GCC_WARN_UNDECLARED_SELECTOR = YES;
				GCC_WARN_UNINITIALIZED_AUTOS = YES_AGGRESSIVE;
				GCC_WARN_UNUSED_FUNCTION = YES;
				GCC_WARN_UNUSED_VARIABLE = YES;
				IPHONEOS_DEPLOYMENT_TARGET = 16.2;
				MACOSX_DEPLOYMENT_TARGET = 12.4;
				MTL_ENABLE_DEBUG_INFO = NO;
				MTL_FAST_MATH = YES;
				SDKROOT = macosx;
				SWIFT_COMPILATION_MODE = wholemodule;
				SWIFT_OPTIMIZATION_LEVEL = "-O";
				TEST_HOST = "$(BUNDLE_LOADER)";
				VALIDATE_PRODUCT = YES;
				VERSIONING_SYSTEM = "apple-generic";
				VERSION_INFO_PREFIX = "";
			};
			name = Release;
		};
		2ECF23F62A7CFB97009F2ACB /* Debug */ = {
			isa = XCBuildConfiguration;
			buildSettings = {
				CLANG_ENABLE_MODULES = YES;
				CODE_SIGN_IDENTITY = "Apple Development";
				CODE_SIGN_STYLE = Automatic;
				CURRENT_PROJECT_VERSION = 1;
				DEFINES_MODULE = YES;
				DEVELOPMENT_TEAM = 9F2D4H2CZL;
				DYLIB_COMPATIBILITY_VERSION = 1;
				DYLIB_CURRENT_VERSION = 1;
				DYLIB_INSTALL_NAME_BASE = "@rpath";
				GENERATE_INFOPLIST_FILE = YES;
				INFOPLIST_KEY_NSHumanReadableCopyright = "";
				INSTALL_PATH = "$(LOCAL_LIBRARY_DIR)/Frameworks";
				LD_RUNPATH_SEARCH_PATHS = (
					"$(inherited)",
					"@executable_path/Frameworks",
					"@loader_path/Frameworks",
				);
				MACOSX_DEPLOYMENT_TARGET = 12.4;
				MARKETING_VERSION = 1.0;
				PRODUCT_BUNDLE_IDENTIFIER = sinhlh.EssentialFeed;
				PRODUCT_NAME = "$(TARGET_NAME:c99extidentifier)";
				SKIP_INSTALL = YES;
				SWIFT_EMIT_LOC_STRINGS = YES;
				SWIFT_OPTIMIZATION_LEVEL = "-Onone";
				SWIFT_VERSION = 5.0;
				TARGETED_DEVICE_FAMILY = "1,2";
			};
			name = Debug;
		};
		2ECF23F72A7CFB97009F2ACB /* Release */ = {
			isa = XCBuildConfiguration;
			buildSettings = {
				CLANG_ENABLE_MODULES = YES;
				CODE_SIGN_IDENTITY = "Apple Development";
				CODE_SIGN_STYLE = Automatic;
				CURRENT_PROJECT_VERSION = 1;
				DEFINES_MODULE = YES;
				DEVELOPMENT_TEAM = 9F2D4H2CZL;
				DYLIB_COMPATIBILITY_VERSION = 1;
				DYLIB_CURRENT_VERSION = 1;
				DYLIB_INSTALL_NAME_BASE = "@rpath";
				GENERATE_INFOPLIST_FILE = YES;
				INFOPLIST_KEY_NSHumanReadableCopyright = "";
				INSTALL_PATH = "$(LOCAL_LIBRARY_DIR)/Frameworks";
				LD_RUNPATH_SEARCH_PATHS = (
					"$(inherited)",
					"@executable_path/Frameworks",
					"@loader_path/Frameworks",
				);
				MACOSX_DEPLOYMENT_TARGET = 12.4;
				MARKETING_VERSION = 1.0;
				PRODUCT_BUNDLE_IDENTIFIER = sinhlh.EssentialFeed;
				PRODUCT_NAME = "$(TARGET_NAME:c99extidentifier)";
				SKIP_INSTALL = YES;
				SWIFT_EMIT_LOC_STRINGS = YES;
				SWIFT_VERSION = 5.0;
				TARGETED_DEVICE_FAMILY = "1,2";
			};
			name = Release;
		};
		2ECF23F92A7CFB97009F2ACB /* Debug */ = {
			isa = XCBuildConfiguration;
			buildSettings = {
				ALWAYS_EMBED_SWIFT_STANDARD_LIBRARIES = YES;
				CODE_SIGN_STYLE = Automatic;
				CURRENT_PROJECT_VERSION = 1;
				DEVELOPMENT_TEAM = 9F2D4H2CZL;
				GENERATE_INFOPLIST_FILE = YES;
				MARKETING_VERSION = 1.0;
				PRODUCT_BUNDLE_IDENTIFIER = sinhlh.EssentialFeedTests;
				PRODUCT_NAME = "$(TARGET_NAME)";
				SWIFT_EMIT_LOC_STRINGS = NO;
				SWIFT_VERSION = 5.0;
				TARGETED_DEVICE_FAMILY = "1,2";
				TEST_HOST = "";
			};
			name = Debug;
		};
		2ECF23FA2A7CFB97009F2ACB /* Release */ = {
			isa = XCBuildConfiguration;
			buildSettings = {
				ALWAYS_EMBED_SWIFT_STANDARD_LIBRARIES = YES;
				CODE_SIGN_STYLE = Automatic;
				CURRENT_PROJECT_VERSION = 1;
				DEVELOPMENT_TEAM = 9F2D4H2CZL;
				GENERATE_INFOPLIST_FILE = YES;
				MARKETING_VERSION = 1.0;
				PRODUCT_BUNDLE_IDENTIFIER = sinhlh.EssentialFeedTests;
				PRODUCT_NAME = "$(TARGET_NAME)";
				SWIFT_EMIT_LOC_STRINGS = NO;
				SWIFT_VERSION = 5.0;
				TARGETED_DEVICE_FAMILY = "1,2";
				TEST_HOST = "";
			};
			name = Release;
		};
/* End XCBuildConfiguration section */

/* Begin XCConfigurationList section */
		22BF82832A8873CB00196095 /* Build configuration list for PBXNativeTarget "EssentialFeedAPIEndToEndTests" */ = {
			isa = XCConfigurationList;
			buildConfigurations = (
				22BF82812A8873CB00196095 /* Debug */,
				22BF82822A8873CB00196095 /* Release */,
			);
			defaultConfigurationIsVisible = 0;
			defaultConfigurationName = Release;
		};
		2ECF23DD2A7CFB97009F2ACB /* Build configuration list for PBXProject "EssentialFeed" */ = {
			isa = XCConfigurationList;
			buildConfigurations = (
				2ECF23F32A7CFB97009F2ACB /* Debug */,
				2ECF23F42A7CFB97009F2ACB /* Release */,
			);
			defaultConfigurationIsVisible = 0;
			defaultConfigurationName = Release;
		};
		2ECF23F52A7CFB97009F2ACB /* Build configuration list for PBXNativeTarget "EssentialFeed" */ = {
			isa = XCConfigurationList;
			buildConfigurations = (
				2ECF23F62A7CFB97009F2ACB /* Debug */,
				2ECF23F72A7CFB97009F2ACB /* Release */,
			);
			defaultConfigurationIsVisible = 0;
			defaultConfigurationName = Release;
		};
		2ECF23F82A7CFB97009F2ACB /* Build configuration list for PBXNativeTarget "EssentialFeedTests" */ = {
			isa = XCConfigurationList;
			buildConfigurations = (
				2ECF23F92A7CFB97009F2ACB /* Debug */,
				2ECF23FA2A7CFB97009F2ACB /* Release */,
			);
			defaultConfigurationIsVisible = 0;
			defaultConfigurationName = Release;
		};
/* End XCConfigurationList section */
	};
	rootObject = 2ECF23DA2A7CFB97009F2ACB /* Project object */;
}
