// !$*UTF8*$!
{
	archiveVersion = 1;
	classes = {
	};
	objectVersion = 56;
	objects = {

/* Begin PBXBuildFile section */
		220336502A8FCC3700DE6683 /* FeedCacheTestHelpers.swift in Sources */ = {isa = PBXBuildFile; fileRef = 2203364F2A8FCC3700DE6683 /* FeedCacheTestHelpers.swift */; };
		220336522A8FCCAF00DE6683 /* SharedTestHelpers.swift in Sources */ = {isa = PBXBuildFile; fileRef = 220336512A8FCCAF00DE6683 /* SharedTestHelpers.swift */; };
		221BBADC2A8FC45E0086EAC7 /* ValidateFeedCacheUseCaseTests.swift in Sources */ = {isa = PBXBuildFile; fileRef = 221BBADB2A8FC45E0086EAC7 /* ValidateFeedCacheUseCaseTests.swift */; };
		2260B09D2A80ED6B00B7CE83 /* RemoteFeedLoader.swift in Sources */ = {isa = PBXBuildFile; fileRef = 2260B09C2A80ED6B00B7CE83 /* RemoteFeedLoader.swift */; };
		226652B92A8E04CE00460F38 /* LocalFeedLoader.swift in Sources */ = {isa = PBXBuildFile; fileRef = 226652B82A8E04CE00460F38 /* LocalFeedLoader.swift */; };
		226652BB2A8E054000460F38 /* FeedStore.swift in Sources */ = {isa = PBXBuildFile; fileRef = 226652BA2A8E054000460F38 /* FeedStore.swift */; };
		226652BD2A8E2EC000460F38 /* RemoteFeedLoaderItem.swift in Sources */ = {isa = PBXBuildFile; fileRef = 226652BC2A8E2EC000460F38 /* RemoteFeedLoaderItem.swift */; };
		226652BF2A8E2EF800460F38 /* LocalFeedImage.swift in Sources */ = {isa = PBXBuildFile; fileRef = 226652BE2A8E2EF800460F38 /* LocalFeedImage.swift */; };
		226652C12A8E569F00460F38 /* LoadFeedFromCacheUseCaseTests.swift in Sources */ = {isa = PBXBuildFile; fileRef = 226652C02A8E569F00460F38 /* LoadFeedFromCacheUseCaseTests.swift */; };
		226652C32A8E650E00460F38 /* FeedStoreSpy.swift in Sources */ = {isa = PBXBuildFile; fileRef = 226652C22A8E650E00460F38 /* FeedStoreSpy.swift */; };
		229FB4AE2A97472E00840D03 /* CoreDataFeedStoreTests.swift in Sources */ = {isa = PBXBuildFile; fileRef = 229FB4AD2A97472E00840D03 /* CoreDataFeedStoreTests.swift */; };
		229FB4B02A974F0500840D03 /* CoreDataFeedStore.swift in Sources */ = {isa = PBXBuildFile; fileRef = 229FB4AF2A974F0500840D03 /* CoreDataFeedStore.swift */; };
		229FB4B32A97505A00840D03 /* FeedStore.xcdatamodeld in Sources */ = {isa = PBXBuildFile; fileRef = 229FB4B12A97505A00840D03 /* FeedStore.xcdatamodeld */; };
		22AA6C992A8B850C00D5BDFF /* CacheFeedUseCaseTests.swift in Sources */ = {isa = PBXBuildFile; fileRef = 22AA6C982A8B850C00D5BDFF /* CacheFeedUseCaseTests.swift */; };
		22B831462A926907004076F8 /* CodableFeedStoreTests.swift in Sources */ = {isa = PBXBuildFile; fileRef = 22B831452A926907004076F8 /* CodableFeedStoreTests.swift */; };
		22BF827D2A8873CB00196095 /* EssentialFeedAPIEndToEndTests.swift in Sources */ = {isa = PBXBuildFile; fileRef = 22BF827C2A8873CB00196095 /* EssentialFeedAPIEndToEndTests.swift */; };
		22BF827E2A8873CB00196095 /* EssentialFeed.framework in Frameworks */ = {isa = PBXBuildFile; fileRef = 2ECF23E32A7CFB97009F2ACB /* EssentialFeed.framework */; };
		22BF82852A887DD300196095 /* XCTestCase+MemoryLeakTracking.swift in Sources */ = {isa = PBXBuildFile; fileRef = 22DEC2A22A863350000150DF /* XCTestCase+MemoryLeakTracking.swift */; };
		22C11FC62A837324006D2E80 /* HTTPClient.swift in Sources */ = {isa = PBXBuildFile; fileRef = 22C11FC52A837324006D2E80 /* HTTPClient.swift */; };
		22C263CA2A936F0100368CE1 /* CodableFeedStore.swift in Sources */ = {isa = PBXBuildFile; fileRef = 22C263C92A936F0100368CE1 /* CodableFeedStore.swift */; };
		22C5A1DE2A84E200000894FE /* URLSessionHTTPClientTest.swift in Sources */ = {isa = PBXBuildFile; fileRef = 22C5A1DD2A84E200000894FE /* URLSessionHTTPClientTest.swift */; };
		22C7C1A32A96464A004105AF /* FeedStoreSpecs.swift in Sources */ = {isa = PBXBuildFile; fileRef = 22C7C1A22A96464A004105AF /* FeedStoreSpecs.swift */; };
		22C7C1A52A964717004105AF /* XCTestCase+FeedStoreSpecs.swift in Sources */ = {isa = PBXBuildFile; fileRef = 22C7C1A42A964717004105AF /* XCTestCase+FeedStoreSpecs.swift */; };
		22C7C1A72A964E73004105AF /* XCTestCase+FailableRetrieveFeedStoreSpecs.swift in Sources */ = {isa = PBXBuildFile; fileRef = 22C7C1A62A964E73004105AF /* XCTestCase+FailableRetrieveFeedStoreSpecs.swift */; };
		22C7C1A92A965379004105AF /* XCTestCase+FailableInsertFeedStoreSpecs.swift in Sources */ = {isa = PBXBuildFile; fileRef = 22C7C1A82A965379004105AF /* XCTestCase+FailableInsertFeedStoreSpecs.swift */; };
		22C7C1AB2A965557004105AF /* XCTestCase+FailableDeleteFeedStoreSpecs.swift in Sources */ = {isa = PBXBuildFile; fileRef = 22C7C1AA2A965557004105AF /* XCTestCase+FailableDeleteFeedStoreSpecs.swift */; };
		22CF441B2A91214100F82814 /* FeedCachePolicy.swift in Sources */ = {isa = PBXBuildFile; fileRef = 22CF441A2A91214100F82814 /* FeedCachePolicy.swift */; };
		22DA70082A83783900BE7608 /* FeedItemsMapper.swift in Sources */ = {isa = PBXBuildFile; fileRef = 22DA70072A83783900BE7608 /* FeedItemsMapper.swift */; };
		22DEC2A32A863350000150DF /* XCTestCase+MemoryLeakTracking.swift in Sources */ = {isa = PBXBuildFile; fileRef = 22DEC2A22A863350000150DF /* XCTestCase+MemoryLeakTracking.swift */; };
		22E1FF3B2A8382E90094DEC1 /* EssentialFeed.xctestplan in Resources */ = {isa = PBXBuildFile; fileRef = 22E1FF3A2A8382E90094DEC1 /* EssentialFeed.xctestplan */; };
		22FDB1AA2A86938A00174801 /* URLSessionHTTPClient.swift in Sources */ = {isa = PBXBuildFile; fileRef = 22FDB1A92A86938A00174801 /* URLSessionHTTPClient.swift */; };
		2ECF23EC2A7CFB97009F2ACB /* EssentialFeed.framework in Frameworks */ = {isa = PBXBuildFile; fileRef = 2ECF23E32A7CFB97009F2ACB /* EssentialFeed.framework */; };
		2ECF23F12A7CFB97009F2ACB /* LoadFeedFromRemoteUseCaseTests.swift in Sources */ = {isa = PBXBuildFile; fileRef = 2ECF23F02A7CFB97009F2ACB /* LoadFeedFromRemoteUseCaseTests.swift */; };
		2ECF23FC2A7CFBF2009F2ACB /* FeedImage.swift in Sources */ = {isa = PBXBuildFile; fileRef = 2ECF23FB2A7CFBF2009F2ACB /* FeedImage.swift */; };
		2ECF24002A7CFCF7009F2ACB /* FeedLoader.swift in Sources */ = {isa = PBXBuildFile; fileRef = 2ECF23FF2A7CFCF7009F2ACB /* FeedLoader.swift */; };
/* End PBXBuildFile section */

/* Begin PBXContainerItemProxy section */
		22BF827F2A8873CB00196095 /* PBXContainerItemProxy */ = {
			isa = PBXContainerItemProxy;
			containerPortal = 2ECF23DA2A7CFB97009F2ACB /* Project object */;
			proxyType = 1;
			remoteGlobalIDString = 2ECF23E22A7CFB97009F2ACB;
			remoteInfo = EssentialFeed;
		};
		2ECF23ED2A7CFB97009F2ACB /* PBXContainerItemProxy */ = {
			isa = PBXContainerItemProxy;
			containerPortal = 2ECF23DA2A7CFB97009F2ACB /* Project object */;
			proxyType = 1;
			remoteGlobalIDString = 2ECF23E22A7CFB97009F2ACB;
			remoteInfo = EssentialFeed;
		};
/* End PBXContainerItemProxy section */

/* Begin PBXFileReference section */
		2203364F2A8FCC3700DE6683 /* FeedCacheTestHelpers.swift */ = {isa = PBXFileReference; lastKnownFileType = sourcecode.swift; path = FeedCacheTestHelpers.swift; sourceTree = "<group>"; };
		220336512A8FCCAF00DE6683 /* SharedTestHelpers.swift */ = {isa = PBXFileReference; lastKnownFileType = sourcecode.swift; path = SharedTestHelpers.swift; sourceTree = "<group>"; };
		221BBADB2A8FC45E0086EAC7 /* ValidateFeedCacheUseCaseTests.swift */ = {isa = PBXFileReference; lastKnownFileType = sourcecode.swift; path = ValidateFeedCacheUseCaseTests.swift; sourceTree = "<group>"; };
		2260B09C2A80ED6B00B7CE83 /* RemoteFeedLoader.swift */ = {isa = PBXFileReference; lastKnownFileType = sourcecode.swift; path = RemoteFeedLoader.swift; sourceTree = "<group>"; };
		226652B82A8E04CE00460F38 /* LocalFeedLoader.swift */ = {isa = PBXFileReference; lastKnownFileType = sourcecode.swift; path = LocalFeedLoader.swift; sourceTree = "<group>"; };
		226652BA2A8E054000460F38 /* FeedStore.swift */ = {isa = PBXFileReference; lastKnownFileType = sourcecode.swift; path = FeedStore.swift; sourceTree = "<group>"; };
		226652BC2A8E2EC000460F38 /* RemoteFeedLoaderItem.swift */ = {isa = PBXFileReference; lastKnownFileType = sourcecode.swift; path = RemoteFeedLoaderItem.swift; sourceTree = "<group>"; };
		226652BE2A8E2EF800460F38 /* LocalFeedImage.swift */ = {isa = PBXFileReference; lastKnownFileType = sourcecode.swift; path = LocalFeedImage.swift; sourceTree = "<group>"; };
		226652C02A8E569F00460F38 /* LoadFeedFromCacheUseCaseTests.swift */ = {isa = PBXFileReference; lastKnownFileType = sourcecode.swift; path = LoadFeedFromCacheUseCaseTests.swift; sourceTree = "<group>"; };
		226652C22A8E650E00460F38 /* FeedStoreSpy.swift */ = {isa = PBXFileReference; lastKnownFileType = sourcecode.swift; path = FeedStoreSpy.swift; sourceTree = "<group>"; };
		229FB4AD2A97472E00840D03 /* CoreDataFeedStoreTests.swift */ = {isa = PBXFileReference; lastKnownFileType = sourcecode.swift; path = CoreDataFeedStoreTests.swift; sourceTree = "<group>"; };
		229FB4AF2A974F0500840D03 /* CoreDataFeedStore.swift */ = {isa = PBXFileReference; lastKnownFileType = sourcecode.swift; path = CoreDataFeedStore.swift; sourceTree = "<group>"; };
		229FB4B22A97505A00840D03 /* FeedStore.xcdatamodel */ = {isa = PBXFileReference; lastKnownFileType = wrapper.xcdatamodel; path = FeedStore.xcdatamodel; sourceTree = "<group>"; };
		22AA6C982A8B850C00D5BDFF /* CacheFeedUseCaseTests.swift */ = {isa = PBXFileReference; lastKnownFileType = sourcecode.swift; path = CacheFeedUseCaseTests.swift; sourceTree = "<group>"; };
		22B831452A926907004076F8 /* CodableFeedStoreTests.swift */ = {isa = PBXFileReference; lastKnownFileType = sourcecode.swift; path = CodableFeedStoreTests.swift; sourceTree = "<group>"; };
		22BF827A2A8873CB00196095 /* EssentialFeedAPIEndToEndTests.xctest */ = {isa = PBXFileReference; explicitFileType = wrapper.cfbundle; includeInIndex = 0; path = EssentialFeedAPIEndToEndTests.xctest; sourceTree = BUILT_PRODUCTS_DIR; };
		22BF827C2A8873CB00196095 /* EssentialFeedAPIEndToEndTests.swift */ = {isa = PBXFileReference; lastKnownFileType = sourcecode.swift; path = EssentialFeedAPIEndToEndTests.swift; sourceTree = "<group>"; };
		22BF82842A887C9600196095 /* EssentialFeedAPIEndToEndTests.xctestplan */ = {isa = PBXFileReference; lastKnownFileType = text; path = EssentialFeedAPIEndToEndTests.xctestplan; sourceTree = "<group>"; };
		22BF82862A8908D600196095 /* CI.xctestplan */ = {isa = PBXFileReference; lastKnownFileType = text; path = CI.xctestplan; sourceTree = "<group>"; };
		22C11FC52A837324006D2E80 /* HTTPClient.swift */ = {isa = PBXFileReference; lastKnownFileType = sourcecode.swift; path = HTTPClient.swift; sourceTree = "<group>"; };
		22C263C92A936F0100368CE1 /* CodableFeedStore.swift */ = {isa = PBXFileReference; lastKnownFileType = sourcecode.swift; path = CodableFeedStore.swift; sourceTree = "<group>"; };
		22C5A1DD2A84E200000894FE /* URLSessionHTTPClientTest.swift */ = {isa = PBXFileReference; lastKnownFileType = sourcecode.swift; path = URLSessionHTTPClientTest.swift; sourceTree = "<group>"; };
		22C7C1A22A96464A004105AF /* FeedStoreSpecs.swift */ = {isa = PBXFileReference; lastKnownFileType = sourcecode.swift; path = FeedStoreSpecs.swift; sourceTree = "<group>"; };
		22C7C1A42A964717004105AF /* XCTestCase+FeedStoreSpecs.swift */ = {isa = PBXFileReference; lastKnownFileType = sourcecode.swift; path = "XCTestCase+FeedStoreSpecs.swift"; sourceTree = "<group>"; };
		22C7C1A62A964E73004105AF /* XCTestCase+FailableRetrieveFeedStoreSpecs.swift */ = {isa = PBXFileReference; lastKnownFileType = sourcecode.swift; path = "XCTestCase+FailableRetrieveFeedStoreSpecs.swift"; sourceTree = "<group>"; };
		22C7C1A82A965379004105AF /* XCTestCase+FailableInsertFeedStoreSpecs.swift */ = {isa = PBXFileReference; lastKnownFileType = sourcecode.swift; path = "XCTestCase+FailableInsertFeedStoreSpecs.swift"; sourceTree = "<group>"; };
		22C7C1AA2A965557004105AF /* XCTestCase+FailableDeleteFeedStoreSpecs.swift */ = {isa = PBXFileReference; lastKnownFileType = sourcecode.swift; path = "XCTestCase+FailableDeleteFeedStoreSpecs.swift"; sourceTree = "<group>"; };
		22CF441A2A91214100F82814 /* FeedCachePolicy.swift */ = {isa = PBXFileReference; lastKnownFileType = sourcecode.swift; path = FeedCachePolicy.swift; sourceTree = "<group>"; };
		22DA70072A83783900BE7608 /* FeedItemsMapper.swift */ = {isa = PBXFileReference; lastKnownFileType = sourcecode.swift; path = FeedItemsMapper.swift; sourceTree = "<group>"; };
		22DEC2A22A863350000150DF /* XCTestCase+MemoryLeakTracking.swift */ = {isa = PBXFileReference; lastKnownFileType = sourcecode.swift; path = "XCTestCase+MemoryLeakTracking.swift"; sourceTree = "<group>"; };
		22E1FF3A2A8382E90094DEC1 /* EssentialFeed.xctestplan */ = {isa = PBXFileReference; fileEncoding = 4; lastKnownFileType = text; path = EssentialFeed.xctestplan; sourceTree = "<group>"; };
		22F3C2B22A891D3A001BF381 /* CI.xctestplan */ = {isa = PBXFileReference; lastKnownFileType = text; path = CI.xctestplan; sourceTree = "<group>"; };
		22FDB1A92A86938A00174801 /* URLSessionHTTPClient.swift */ = {isa = PBXFileReference; lastKnownFileType = sourcecode.swift; path = URLSessionHTTPClient.swift; sourceTree = "<group>"; };
		2ECF23E32A7CFB97009F2ACB /* EssentialFeed.framework */ = {isa = PBXFileReference; explicitFileType = wrapper.framework; includeInIndex = 0; path = EssentialFeed.framework; sourceTree = BUILT_PRODUCTS_DIR; };
		2ECF23EB2A7CFB97009F2ACB /* EssentialFeedTests.xctest */ = {isa = PBXFileReference; explicitFileType = wrapper.cfbundle; includeInIndex = 0; path = EssentialFeedTests.xctest; sourceTree = BUILT_PRODUCTS_DIR; };
		2ECF23F02A7CFB97009F2ACB /* LoadFeedFromRemoteUseCaseTests.swift */ = {isa = PBXFileReference; lastKnownFileType = sourcecode.swift; path = LoadFeedFromRemoteUseCaseTests.swift; sourceTree = "<group>"; };
		2ECF23FB2A7CFBF2009F2ACB /* FeedImage.swift */ = {isa = PBXFileReference; lastKnownFileType = sourcecode.swift; path = FeedImage.swift; sourceTree = "<group>"; };
		2ECF23FF2A7CFCF7009F2ACB /* FeedLoader.swift */ = {isa = PBXFileReference; lastKnownFileType = sourcecode.swift; path = FeedLoader.swift; sourceTree = "<group>"; };
/* End PBXFileReference section */

/* Begin PBXFrameworksBuildPhase section */
		22BF82772A8873CB00196095 /* Frameworks */ = {
			isa = PBXFrameworksBuildPhase;
			buildActionMask = 2147483647;
			files = (
				22BF827E2A8873CB00196095 /* EssentialFeed.framework in Frameworks */,
			);
			runOnlyForDeploymentPostprocessing = 0;
		};
		2ECF23E02A7CFB97009F2ACB /* Frameworks */ = {
			isa = PBXFrameworksBuildPhase;
			buildActionMask = 2147483647;
			files = (
			);
			runOnlyForDeploymentPostprocessing = 0;
		};
		2ECF23E82A7CFB97009F2ACB /* Frameworks */ = {
			isa = PBXFrameworksBuildPhase;
			buildActionMask = 2147483647;
			files = (
				2ECF23EC2A7CFB97009F2ACB /* EssentialFeed.framework in Frameworks */,
			);
			runOnlyForDeploymentPostprocessing = 0;
		};
/* End PBXFrameworksBuildPhase section */

/* Begin PBXGroup section */
		2203364E2A8FCC1400DE6683 /* Helpers */ = {
			isa = PBXGroup;
			children = (
				2203364F2A8FCC3700DE6683 /* FeedCacheTestHelpers.swift */,
			);
			path = Helpers;
			sourceTree = "<group>";
		};
		2260B09B2A80ED5000B7CE83 /* Feed API */ = {
			isa = PBXGroup;
			children = (
				2260B09C2A80ED6B00B7CE83 /* RemoteFeedLoader.swift */,
				22C11FC52A837324006D2E80 /* HTTPClient.swift */,
				22DA70072A83783900BE7608 /* FeedItemsMapper.swift */,
				226652BC2A8E2EC000460F38 /* RemoteFeedLoaderItem.swift */,
				22FDB1A92A86938A00174801 /* URLSessionHTTPClient.swift */,
			);
			path = "Feed API";
			sourceTree = "<group>";
		};
		226652B72A8E04C000460F38 /* Feed Cache */ = {
			isa = PBXGroup;
			children = (
				229FB4B42A97AEDE00840D03 /* Infrastructure */,
				226652B82A8E04CE00460F38 /* LocalFeedLoader.swift */,
				22CF441A2A91214100F82814 /* FeedCachePolicy.swift */,
				226652BA2A8E054000460F38 /* FeedStore.swift */,
				226652BE2A8E2EF800460F38 /* LocalFeedImage.swift */,
			);
			path = "Feed Cache";
			sourceTree = "<group>";
		};
		229FB4B42A97AEDE00840D03 /* Infrastructure */ = {
			isa = PBXGroup;
			children = (
				229FB4B62A97AF6400840D03 /* Codable */,
				229FB4B52A97AF2D00840D03 /* CoreData */,
			);
			path = Infrastructure;
			sourceTree = "<group>";
		};
		229FB4B52A97AF2D00840D03 /* CoreData */ = {
			isa = PBXGroup;
			children = (
				229FB4B12A97505A00840D03 /* FeedStore.xcdatamodeld */,
				229FB4AF2A974F0500840D03 /* CoreDataFeedStore.swift */,
			);
			path = CoreData;
			sourceTree = "<group>";
		};
		229FB4B62A97AF6400840D03 /* Codable */ = {
			isa = PBXGroup;
			children = (
				22C263C92A936F0100368CE1 /* CodableFeedStore.swift */,
			);
			path = Codable;
			sourceTree = "<group>";
		};
		22AA6C972A8B84C800D5BDFF /* Feed Cache */ = {
			isa = PBXGroup;
			children = (
				22C7C1AC2A96565F004105AF /* FeedStoreSpecs */,
				2203364E2A8FCC1400DE6683 /* Helpers */,
				22AA6C982A8B850C00D5BDFF /* CacheFeedUseCaseTests.swift */,
				226652C02A8E569F00460F38 /* LoadFeedFromCacheUseCaseTests.swift */,
				221BBADB2A8FC45E0086EAC7 /* ValidateFeedCacheUseCaseTests.swift */,
				22B831452A926907004076F8 /* CodableFeedStoreTests.swift */,
				229FB4AD2A97472E00840D03 /* CoreDataFeedStoreTests.swift */,
			);
			path = "Feed Cache";
			sourceTree = "<group>";
		};
		22BF827B2A8873CB00196095 /* EssentialFeedAPIEndToEndTests */ = {
			isa = PBXGroup;
			children = (
				22BF827C2A8873CB00196095 /* EssentialFeedAPIEndToEndTests.swift */,
			);
			path = EssentialFeedAPIEndToEndTests;
			sourceTree = "<group>";
		};
		22C7C1AC2A96565F004105AF /* FeedStoreSpecs */ = {
			isa = PBXGroup;
			children = (
				22C7C1AA2A965557004105AF /* XCTestCase+FailableDeleteFeedStoreSpecs.swift */,
				22C7C1A82A965379004105AF /* XCTestCase+FailableInsertFeedStoreSpecs.swift */,
				22C7C1A62A964E73004105AF /* XCTestCase+FailableRetrieveFeedStoreSpecs.swift */,
				22C7C1A42A964717004105AF /* XCTestCase+FeedStoreSpecs.swift */,
				22C7C1A22A96464A004105AF /* FeedStoreSpecs.swift */,
			);
			path = FeedStoreSpecs;
			sourceTree = "<group>";
		};
		22DEC2A12A863338000150DF /* Helpers */ = {
			isa = PBXGroup;
			children = (
				22DEC2A22A863350000150DF /* XCTestCase+MemoryLeakTracking.swift */,
				226652C22A8E650E00460F38 /* FeedStoreSpy.swift */,
				220336512A8FCCAF00DE6683 /* SharedTestHelpers.swift */,
			);
			path = Helpers;
			sourceTree = "<group>";
		};
		22E1FF372A837DCC0094DEC1 /* Feed API */ = {
			isa = PBXGroup;
			children = (
				2ECF23F02A7CFB97009F2ACB /* LoadFeedFromRemoteUseCaseTests.swift */,
				22C5A1DD2A84E200000894FE /* URLSessionHTTPClientTest.swift */,
			);
			path = "Feed API";
			sourceTree = "<group>";
		};
		2ECF23D92A7CFB97009F2ACB = {
			isa = PBXGroup;
			children = (
				22F3C2B22A891D3A001BF381 /* CI.xctestplan */,
				22BF82862A8908D600196095 /* CI.xctestplan */,
				22BF82842A887C9600196095 /* EssentialFeedAPIEndToEndTests.xctestplan */,
				22E1FF3A2A8382E90094DEC1 /* EssentialFeed.xctestplan */,
				2ECF23E52A7CFB97009F2ACB /* EssentialFeed */,
				2ECF23EF2A7CFB97009F2ACB /* EssentialFeedTests */,
				22BF827B2A8873CB00196095 /* EssentialFeedAPIEndToEndTests */,
				2ECF23E42A7CFB97009F2ACB /* Products */,
			);
			sourceTree = "<group>";
		};
		2ECF23E42A7CFB97009F2ACB /* Products */ = {
			isa = PBXGroup;
			children = (
				2ECF23E32A7CFB97009F2ACB /* EssentialFeed.framework */,
				2ECF23EB2A7CFB97009F2ACB /* EssentialFeedTests.xctest */,
				22BF827A2A8873CB00196095 /* EssentialFeedAPIEndToEndTests.xctest */,
			);
			name = Products;
			sourceTree = "<group>";
		};
		2ECF23E52A7CFB97009F2ACB /* EssentialFeed */ = {
			isa = PBXGroup;
			children = (
				226652B72A8E04C000460F38 /* Feed Cache */,
				2260B09B2A80ED5000B7CE83 /* Feed API */,
				2ECF24012A7CFD07009F2ACB /* Feed Feature */,
			);
			path = EssentialFeed;
			sourceTree = "<group>";
		};
		2ECF23EF2A7CFB97009F2ACB /* EssentialFeedTests */ = {
			isa = PBXGroup;
			children = (
				22DEC2A12A863338000150DF /* Helpers */,
				22AA6C972A8B84C800D5BDFF /* Feed Cache */,
				22E1FF372A837DCC0094DEC1 /* Feed API */,
			);
			path = EssentialFeedTests;
			sourceTree = "<group>";
		};
		2ECF24012A7CFD07009F2ACB /* Feed Feature */ = {
			isa = PBXGroup;
			children = (
				2ECF23FF2A7CFCF7009F2ACB /* FeedLoader.swift */,
				2ECF23FB2A7CFBF2009F2ACB /* FeedImage.swift */,
			);
			path = "Feed Feature";
			sourceTree = "<group>";
		};
/* End PBXGroup section */

/* Begin PBXHeadersBuildPhase section */
		2ECF23DE2A7CFB97009F2ACB /* Headers */ = {
			isa = PBXHeadersBuildPhase;
			buildActionMask = 2147483647;
			files = (
			);
			runOnlyForDeploymentPostprocessing = 0;
		};
/* End PBXHeadersBuildPhase section */

/* Begin PBXNativeTarget section */
		22BF82792A8873CB00196095 /* EssentialFeedAPIEndToEndTests */ = {
			isa = PBXNativeTarget;
			buildConfigurationList = 22BF82832A8873CB00196095 /* Build configuration list for PBXNativeTarget "EssentialFeedAPIEndToEndTests" */;
			buildPhases = (
				22BF82762A8873CB00196095 /* Sources */,
				22BF82772A8873CB00196095 /* Frameworks */,
				22BF82782A8873CB00196095 /* Resources */,
			);
			buildRules = (
			);
			dependencies = (
				22BF82802A8873CB00196095 /* PBXTargetDependency */,
			);
			name = EssentialFeedAPIEndToEndTests;
			productName = EssentialFeedAPIEndToEndTests;
			productReference = 22BF827A2A8873CB00196095 /* EssentialFeedAPIEndToEndTests.xctest */;
			productType = "com.apple.product-type.bundle.unit-test";
		};
		2ECF23E22A7CFB97009F2ACB /* EssentialFeed */ = {
			isa = PBXNativeTarget;
			buildConfigurationList = 2ECF23F52A7CFB97009F2ACB /* Build configuration list for PBXNativeTarget "EssentialFeed" */;
			buildPhases = (
				2ECF23DE2A7CFB97009F2ACB /* Headers */,
				2ECF23DF2A7CFB97009F2ACB /* Sources */,
				2ECF23E02A7CFB97009F2ACB /* Frameworks */,
				2ECF23E12A7CFB97009F2ACB /* Resources */,
			);
			buildRules = (
			);
			dependencies = (
			);
			name = EssentialFeed;
			productName = EssentialFeed;
			productReference = 2ECF23E32A7CFB97009F2ACB /* EssentialFeed.framework */;
			productType = "com.apple.product-type.framework";
		};
		2ECF23EA2A7CFB97009F2ACB /* EssentialFeedTests */ = {
			isa = PBXNativeTarget;
			buildConfigurationList = 2ECF23F82A7CFB97009F2ACB /* Build configuration list for PBXNativeTarget "EssentialFeedTests" */;
			buildPhases = (
				2ECF23E72A7CFB97009F2ACB /* Sources */,
				2ECF23E82A7CFB97009F2ACB /* Frameworks */,
				2ECF23E92A7CFB97009F2ACB /* Resources */,
			);
			buildRules = (
			);
			dependencies = (
				2ECF23EE2A7CFB97009F2ACB /* PBXTargetDependency */,
			);
			name = EssentialFeedTests;
			productName = EssentialFeedTests;
			productReference = 2ECF23EB2A7CFB97009F2ACB /* EssentialFeedTests.xctest */;
			productType = "com.apple.product-type.bundle.unit-test";
		};
/* End PBXNativeTarget section */

/* Begin PBXProject section */
		2ECF23DA2A7CFB97009F2ACB /* Project object */ = {
			isa = PBXProject;
			attributes = {
				BuildIndependentTargetsInParallel = 1;
				LastSwiftUpdateCheck = 1430;
				LastUpgradeCheck = 1430;
				TargetAttributes = {
					22BF82792A8873CB00196095 = {
						CreatedOnToolsVersion = 14.3.1;
					};
					2ECF23E22A7CFB97009F2ACB = {
						CreatedOnToolsVersion = 14.2;
						LastSwiftMigration = 1420;
					};
					2ECF23EA2A7CFB97009F2ACB = {
						CreatedOnToolsVersion = 14.2;
					};
				};
			};
			buildConfigurationList = 2ECF23DD2A7CFB97009F2ACB /* Build configuration list for PBXProject "EssentialFeed" */;
			compatibilityVersion = "Xcode 14.0";
			developmentRegion = en;
			hasScannedForEncodings = 0;
			knownRegions = (
				en,
				Base,
			);
			mainGroup = 2ECF23D92A7CFB97009F2ACB;
			productRefGroup = 2ECF23E42A7CFB97009F2ACB /* Products */;
			projectDirPath = "";
			projectRoot = "";
			targets = (
				2ECF23E22A7CFB97009F2ACB /* EssentialFeed */,
				2ECF23EA2A7CFB97009F2ACB /* EssentialFeedTests */,
				22BF82792A8873CB00196095 /* EssentialFeedAPIEndToEndTests */,
			);
		};
/* End PBXProject section */

/* Begin PBXResourcesBuildPhase section */
		22BF82782A8873CB00196095 /* Resources */ = {
			isa = PBXResourcesBuildPhase;
			buildActionMask = 2147483647;
			files = (
			);
			runOnlyForDeploymentPostprocessing = 0;
		};
		2ECF23E12A7CFB97009F2ACB /* Resources */ = {
			isa = PBXResourcesBuildPhase;
			buildActionMask = 2147483647;
			files = (
				22E1FF3B2A8382E90094DEC1 /* EssentialFeed.xctestplan in Resources */,
			);
			runOnlyForDeploymentPostprocessing = 0;
		};
		2ECF23E92A7CFB97009F2ACB /* Resources */ = {
			isa = PBXResourcesBuildPhase;
			buildActionMask = 2147483647;
			files = (
			);
			runOnlyForDeploymentPostprocessing = 0;
		};
/* End PBXResourcesBuildPhase section */

/* Begin PBXSourcesBuildPhase section */
		22BF82762A8873CB00196095 /* Sources */ = {
			isa = PBXSourcesBuildPhase;
			buildActionMask = 2147483647;
			files = (
				22BF827D2A8873CB00196095 /* EssentialFeedAPIEndToEndTests.swift in Sources */,
				22BF82852A887DD300196095 /* XCTestCase+MemoryLeakTracking.swift in Sources */,
			);
			runOnlyForDeploymentPostprocessing = 0;
		};
		2ECF23DF2A7CFB97009F2ACB /* Sources */ = {
			isa = PBXSourcesBuildPhase;
			buildActionMask = 2147483647;
			files = (
				22DA70082A83783900BE7608 /* FeedItemsMapper.swift in Sources */,
				2ECF24002A7CFCF7009F2ACB /* FeedLoader.swift in Sources */,
				2260B09D2A80ED6B00B7CE83 /* RemoteFeedLoader.swift in Sources */,
				22CF441B2A91214100F82814 /* FeedCachePolicy.swift in Sources */,
				226652BB2A8E054000460F38 /* FeedStore.swift in Sources */,
				229FB4B32A97505A00840D03 /* FeedStore.xcdatamodeld in Sources */,
				226652BF2A8E2EF800460F38 /* LocalFeedImage.swift in Sources */,
				226652B92A8E04CE00460F38 /* LocalFeedLoader.swift in Sources */,
				22C11FC62A837324006D2E80 /* HTTPClient.swift in Sources */,
				22C263CA2A936F0100368CE1 /* CodableFeedStore.swift in Sources */,
				2ECF23FC2A7CFBF2009F2ACB /* FeedImage.swift in Sources */,
				22FDB1AA2A86938A00174801 /* URLSessionHTTPClient.swift in Sources */,
				226652BD2A8E2EC000460F38 /* RemoteFeedLoaderItem.swift in Sources */,
				229FB4B02A974F0500840D03 /* CoreDataFeedStore.swift in Sources */,
			);
			runOnlyForDeploymentPostprocessing = 0;
		};
		2ECF23E72A7CFB97009F2ACB /* Sources */ = {
			isa = PBXSourcesBuildPhase;
			buildActionMask = 2147483647;
			files = (
				22B831462A926907004076F8 /* CodableFeedStoreTests.swift in Sources */,
				220336502A8FCC3700DE6683 /* FeedCacheTestHelpers.swift in Sources */,
				221BBADC2A8FC45E0086EAC7 /* ValidateFeedCacheUseCaseTests.swift in Sources */,
				2ECF23F12A7CFB97009F2ACB /* LoadFeedFromRemoteUseCaseTests.swift in Sources */,
				22C7C1A92A965379004105AF /* XCTestCase+FailableInsertFeedStoreSpecs.swift in Sources */,
				22C7C1A52A964717004105AF /* XCTestCase+FeedStoreSpecs.swift in Sources */,
				22DEC2A32A863350000150DF /* XCTestCase+MemoryLeakTracking.swift in Sources */,
				226652C32A8E650E00460F38 /* FeedStoreSpy.swift in Sources */,
				220336522A8FCCAF00DE6683 /* SharedTestHelpers.swift in Sources */,
				22C7C1AB2A965557004105AF /* XCTestCase+FailableDeleteFeedStoreSpecs.swift in Sources */,
				22C7C1A72A964E73004105AF /* XCTestCase+FailableRetrieveFeedStoreSpecs.swift in Sources */,
				22AA6C992A8B850C00D5BDFF /* CacheFeedUseCaseTests.swift in Sources */,
				226652C12A8E569F00460F38 /* LoadFeedFromCacheUseCaseTests.swift in Sources */,
				22C7C1A32A96464A004105AF /* FeedStoreSpecs.swift in Sources */,
				229FB4AE2A97472E00840D03 /* CoreDataFeedStoreTests.swift in Sources */,
				22C5A1DE2A84E200000894FE /* URLSessionHTTPClientTest.swift in Sources */,
			);
			runOnlyForDeploymentPostprocessing = 0;
		};
/* End PBXSourcesBuildPhase section */

/* Begin PBXTargetDependency section */
		22BF82802A8873CB00196095 /* PBXTargetDependency */ = {
			isa = PBXTargetDependency;
			target = 2ECF23E22A7CFB97009F2ACB /* EssentialFeed */;
			targetProxy = 22BF827F2A8873CB00196095 /* PBXContainerItemProxy */;
		};
		2ECF23EE2A7CFB97009F2ACB /* PBXTargetDependency */ = {
			isa = PBXTargetDependency;
			target = 2ECF23E22A7CFB97009F2ACB /* EssentialFeed */;
			targetProxy = 2ECF23ED2A7CFB97009F2ACB /* PBXContainerItemProxy */;
		};
/* End PBXTargetDependency section */

/* Begin XCBuildConfiguration section */
		22BF82812A8873CB00196095 /* Debug */ = {
			isa = XCBuildConfiguration;
			buildSettings = {
				CODE_SIGN_STYLE = Automatic;
				CURRENT_PROJECT_VERSION = 1;
				DEAD_CODE_STRIPPING = YES;
				DEVELOPMENT_TEAM = 9F2D4H2CZL;
				GENERATE_INFOPLIST_FILE = YES;
				MACOSX_DEPLOYMENT_TARGET = 13.3;
				MARKETING_VERSION = 1.0;
				PRODUCT_BUNDLE_IDENTIFIER = sinhlh.EssentialFeedAPIEndToEndTests;
				PRODUCT_NAME = "$(TARGET_NAME)";
				SWIFT_EMIT_LOC_STRINGS = NO;
				SWIFT_VERSION = 5.0;
			};
			name = Debug;
		};
		22BF82822A8873CB00196095 /* Release */ = {
			isa = XCBuildConfiguration;
			buildSettings = {
				CODE_SIGN_STYLE = Automatic;
				CURRENT_PROJECT_VERSION = 1;
				DEAD_CODE_STRIPPING = YES;
				DEVELOPMENT_TEAM = 9F2D4H2CZL;
				GENERATE_INFOPLIST_FILE = YES;
				MACOSX_DEPLOYMENT_TARGET = 13.3;
				MARKETING_VERSION = 1.0;
				PRODUCT_BUNDLE_IDENTIFIER = sinhlh.EssentialFeedAPIEndToEndTests;
				PRODUCT_NAME = "$(TARGET_NAME)";
				SWIFT_EMIT_LOC_STRINGS = NO;
				SWIFT_VERSION = 5.0;
			};
			name = Release;
		};
		2ECF23F32A7CFB97009F2ACB /* Debug */ = {
			isa = XCBuildConfiguration;
			buildSettings = {
				ALWAYS_SEARCH_USER_PATHS = NO;
				CLANG_ANALYZER_NONNULL = YES;
				CLANG_ANALYZER_NUMBER_OBJECT_CONVERSION = YES_AGGRESSIVE;
				CLANG_CXX_LANGUAGE_STANDARD = "gnu++20";
				CLANG_ENABLE_MODULES = YES;
				CLANG_ENABLE_OBJC_ARC = YES;
				CLANG_ENABLE_OBJC_WEAK = YES;
				CLANG_WARN_BLOCK_CAPTURE_AUTORELEASING = YES;
				CLANG_WARN_BOOL_CONVERSION = YES;
				CLANG_WARN_COMMA = YES;
				CLANG_WARN_CONSTANT_CONVERSION = YES;
				CLANG_WARN_DEPRECATED_OBJC_IMPLEMENTATIONS = YES;
				CLANG_WARN_DIRECT_OBJC_ISA_USAGE = YES_ERROR;
				CLANG_WARN_DOCUMENTATION_COMMENTS = YES;
				CLANG_WARN_EMPTY_BODY = YES;
				CLANG_WARN_ENUM_CONVERSION = YES;
				CLANG_WARN_INFINITE_RECURSION = YES;
				CLANG_WARN_INT_CONVERSION = YES;
				CLANG_WARN_NON_LITERAL_NULL_CONVERSION = YES;
				CLANG_WARN_OBJC_IMPLICIT_RETAIN_SELF = YES;
				CLANG_WARN_OBJC_LITERAL_CONVERSION = YES;
				CLANG_WARN_OBJC_ROOT_CLASS = YES_ERROR;
				CLANG_WARN_QUOTED_INCLUDE_IN_FRAMEWORK_HEADER = YES;
				CLANG_WARN_RANGE_LOOP_ANALYSIS = YES;
				CLANG_WARN_STRICT_PROTOTYPES = YES;
				CLANG_WARN_SUSPICIOUS_MOVE = YES;
				CLANG_WARN_UNGUARDED_AVAILABILITY = YES_AGGRESSIVE;
				CLANG_WARN_UNREACHABLE_CODE = YES;
				CLANG_WARN__DUPLICATE_METHOD_MATCH = YES;
				COPY_PHASE_STRIP = NO;
				CURRENT_PROJECT_VERSION = 1;
				DEAD_CODE_STRIPPING = YES;
				DEBUG_INFORMATION_FORMAT = dwarf;
				ENABLE_STRICT_OBJC_MSGSEND = YES;
				ENABLE_TESTABILITY = YES;
				GCC_C_LANGUAGE_STANDARD = gnu11;
				GCC_DYNAMIC_NO_PIC = NO;
				GCC_NO_COMMON_BLOCKS = YES;
				GCC_OPTIMIZATION_LEVEL = 0;
				GCC_PREPROCESSOR_DEFINITIONS = (
					"DEBUG=1",
					"$(inherited)",
				);
				GCC_WARN_64_TO_32_BIT_CONVERSION = YES;
				GCC_WARN_ABOUT_RETURN_TYPE = YES_ERROR;
				GCC_WARN_UNDECLARED_SELECTOR = YES;
				GCC_WARN_UNINITIALIZED_AUTOS = YES_AGGRESSIVE;
				GCC_WARN_UNUSED_FUNCTION = YES;
				GCC_WARN_UNUSED_VARIABLE = YES;
				IPHONEOS_DEPLOYMENT_TARGET = 16.2;
				MACOSX_DEPLOYMENT_TARGET = 13.3;
				MTL_ENABLE_DEBUG_INFO = INCLUDE_SOURCE;
				MTL_FAST_MATH = YES;
				ONLY_ACTIVE_ARCH = YES;
				SDKROOT = macosx;
				SWIFT_ACTIVE_COMPILATION_CONDITIONS = DEBUG;
				SWIFT_OPTIMIZATION_LEVEL = "-Onone";
				TEST_HOST = "$(BUNDLE_LOADER)";
				VERSIONING_SYSTEM = "apple-generic";
				VERSION_INFO_PREFIX = "";
			};
			name = Debug;
		};
		2ECF23F42A7CFB97009F2ACB /* Release */ = {
			isa = XCBuildConfiguration;
			buildSettings = {
				ALWAYS_SEARCH_USER_PATHS = NO;
				CLANG_ANALYZER_NONNULL = YES;
				CLANG_ANALYZER_NUMBER_OBJECT_CONVERSION = YES_AGGRESSIVE;
				CLANG_CXX_LANGUAGE_STANDARD = "gnu++20";
				CLANG_ENABLE_MODULES = YES;
				CLANG_ENABLE_OBJC_ARC = YES;
				CLANG_ENABLE_OBJC_WEAK = YES;
				CLANG_WARN_BLOCK_CAPTURE_AUTORELEASING = YES;
				CLANG_WARN_BOOL_CONVERSION = YES;
				CLANG_WARN_COMMA = YES;
				CLANG_WARN_CONSTANT_CONVERSION = YES;
				CLANG_WARN_DEPRECATED_OBJC_IMPLEMENTATIONS = YES;
				CLANG_WARN_DIRECT_OBJC_ISA_USAGE = YES_ERROR;
				CLANG_WARN_DOCUMENTATION_COMMENTS = YES;
				CLANG_WARN_EMPTY_BODY = YES;
				CLANG_WARN_ENUM_CONVERSION = YES;
				CLANG_WARN_INFINITE_RECURSION = YES;
				CLANG_WARN_INT_CONVERSION = YES;
				CLANG_WARN_NON_LITERAL_NULL_CONVERSION = YES;
				CLANG_WARN_OBJC_IMPLICIT_RETAIN_SELF = YES;
				CLANG_WARN_OBJC_LITERAL_CONVERSION = YES;
				CLANG_WARN_OBJC_ROOT_CLASS = YES_ERROR;
				CLANG_WARN_QUOTED_INCLUDE_IN_FRAMEWORK_HEADER = YES;
				CLANG_WARN_RANGE_LOOP_ANALYSIS = YES;
				CLANG_WARN_STRICT_PROTOTYPES = YES;
				CLANG_WARN_SUSPICIOUS_MOVE = YES;
				CLANG_WARN_UNGUARDED_AVAILABILITY = YES_AGGRESSIVE;
				CLANG_WARN_UNREACHABLE_CODE = YES;
				CLANG_WARN__DUPLICATE_METHOD_MATCH = YES;
				COPY_PHASE_STRIP = NO;
				CURRENT_PROJECT_VERSION = 1;
				DEAD_CODE_STRIPPING = YES;
				DEBUG_INFORMATION_FORMAT = "dwarf-with-dsym";
				ENABLE_NS_ASSERTIONS = NO;
				ENABLE_STRICT_OBJC_MSGSEND = YES;
				GCC_C_LANGUAGE_STANDARD = gnu11;
				GCC_NO_COMMON_BLOCKS = YES;
				GCC_WARN_64_TO_32_BIT_CONVERSION = YES;
				GCC_WARN_ABOUT_RETURN_TYPE = YES_ERROR;
				GCC_WARN_UNDECLARED_SELECTOR = YES;
				GCC_WARN_UNINITIALIZED_AUTOS = YES_AGGRESSIVE;
				GCC_WARN_UNUSED_FUNCTION = YES;
				GCC_WARN_UNUSED_VARIABLE = YES;
				IPHONEOS_DEPLOYMENT_TARGET = 16.2;
				MACOSX_DEPLOYMENT_TARGET = 13.3;
				MTL_ENABLE_DEBUG_INFO = NO;
				MTL_FAST_MATH = YES;
				SDKROOT = macosx;
				SWIFT_COMPILATION_MODE = wholemodule;
				SWIFT_OPTIMIZATION_LEVEL = "-O";
				TEST_HOST = "$(BUNDLE_LOADER)";
				VALIDATE_PRODUCT = YES;
				VERSIONING_SYSTEM = "apple-generic";
				VERSION_INFO_PREFIX = "";
			};
			name = Release;
		};
		2ECF23F62A7CFB97009F2ACB /* Debug */ = {
			isa = XCBuildConfiguration;
			buildSettings = {
				CLANG_ENABLE_MODULES = YES;
				CODE_SIGN_IDENTITY = "";
				CODE_SIGN_STYLE = Automatic;
				CURRENT_PROJECT_VERSION = 1;
				DEAD_CODE_STRIPPING = YES;
				DEFINES_MODULE = YES;
				DEVELOPMENT_TEAM = 9F2D4H2CZL;
				DYLIB_COMPATIBILITY_VERSION = 1;
				DYLIB_CURRENT_VERSION = 1;
				DYLIB_INSTALL_NAME_BASE = "@rpath";
				ENABLE_MODULE_VERIFIER = YES;
				GENERATE_INFOPLIST_FILE = YES;
				INFOPLIST_KEY_NSHumanReadableCopyright = "";
				INSTALL_PATH = "$(LOCAL_LIBRARY_DIR)/Frameworks";
				LD_RUNPATH_SEARCH_PATHS = (
					"$(inherited)",
					"@executable_path/Frameworks",
					"@loader_path/Frameworks",
				);
				MACOSX_DEPLOYMENT_TARGET = 13.3;
				MARKETING_VERSION = 1.0;
				MODULE_VERIFIER_SUPPORTED_LANGUAGES = "objective-c objective-c++";
				MODULE_VERIFIER_SUPPORTED_LANGUAGE_STANDARDS = "gnu11 gnu++20";
				PRODUCT_BUNDLE_IDENTIFIER = sinhlh.EssentialFeed;
				PRODUCT_NAME = "$(TARGET_NAME:c99extidentifier)";
				SKIP_INSTALL = YES;
				SWIFT_EMIT_LOC_STRINGS = YES;
				SWIFT_OPTIMIZATION_LEVEL = "-Onone";
				SWIFT_VERSION = 5.0;
				TARGETED_DEVICE_FAMILY = "1,2";
			};
			name = Debug;
		};
		2ECF23F72A7CFB97009F2ACB /* Release */ = {
			isa = XCBuildConfiguration;
			buildSettings = {
				CLANG_ENABLE_MODULES = YES;
				CODE_SIGN_IDENTITY = "";
				CODE_SIGN_STYLE = Automatic;
				CURRENT_PROJECT_VERSION = 1;
				DEAD_CODE_STRIPPING = YES;
				DEFINES_MODULE = YES;
				DEVELOPMENT_TEAM = 9F2D4H2CZL;
				DYLIB_COMPATIBILITY_VERSION = 1;
				DYLIB_CURRENT_VERSION = 1;
				DYLIB_INSTALL_NAME_BASE = "@rpath";
				ENABLE_MODULE_VERIFIER = YES;
				GENERATE_INFOPLIST_FILE = YES;
				INFOPLIST_KEY_NSHumanReadableCopyright = "";
				INSTALL_PATH = "$(LOCAL_LIBRARY_DIR)/Frameworks";
				LD_RUNPATH_SEARCH_PATHS = (
					"$(inherited)",
					"@executable_path/Frameworks",
					"@loader_path/Frameworks",
				);
				MACOSX_DEPLOYMENT_TARGET = 13.3;
				MARKETING_VERSION = 1.0;
				MODULE_VERIFIER_SUPPORTED_LANGUAGES = "objective-c objective-c++";
				MODULE_VERIFIER_SUPPORTED_LANGUAGE_STANDARDS = "gnu11 gnu++20";
				PRODUCT_BUNDLE_IDENTIFIER = sinhlh.EssentialFeed;
				PRODUCT_NAME = "$(TARGET_NAME:c99extidentifier)";
				SKIP_INSTALL = YES;
				SWIFT_EMIT_LOC_STRINGS = YES;
				SWIFT_VERSION = 5.0;
				TARGETED_DEVICE_FAMILY = "1,2";
			};
			name = Release;
		};
		2ECF23F92A7CFB97009F2ACB /* Debug */ = {
			isa = XCBuildConfiguration;
			buildSettings = {
				ALWAYS_EMBED_SWIFT_STANDARD_LIBRARIES = YES;
				CODE_SIGN_STYLE = Automatic;
				CURRENT_PROJECT_VERSION = 1;
				DEAD_CODE_STRIPPING = YES;
				DEVELOPMENT_TEAM = 9F2D4H2CZL;
				GENERATE_INFOPLIST_FILE = YES;
				MACOSX_DEPLOYMENT_TARGET = 13.3;
				MARKETING_VERSION = 1.0;
				PRODUCT_BUNDLE_IDENTIFIER = sinhlh.EssentialFeedTests;
				PRODUCT_NAME = "$(TARGET_NAME)";
				SWIFT_EMIT_LOC_STRINGS = NO;
				SWIFT_VERSION = 5.0;
				TARGETED_DEVICE_FAMILY = "1,2";
				TEST_HOST = "";
			};
			name = Debug;
		};
		2ECF23FA2A7CFB97009F2ACB /* Release */ = {
			isa = XCBuildConfiguration;
			buildSettings = {
				ALWAYS_EMBED_SWIFT_STANDARD_LIBRARIES = YES;
				CODE_SIGN_STYLE = Automatic;
				CURRENT_PROJECT_VERSION = 1;
				DEAD_CODE_STRIPPING = YES;
				DEVELOPMENT_TEAM = 9F2D4H2CZL;
				GENERATE_INFOPLIST_FILE = YES;
				MACOSX_DEPLOYMENT_TARGET = 13.3;
				MARKETING_VERSION = 1.0;
				PRODUCT_BUNDLE_IDENTIFIER = sinhlh.EssentialFeedTests;
				PRODUCT_NAME = "$(TARGET_NAME)";
				SWIFT_EMIT_LOC_STRINGS = NO;
				SWIFT_VERSION = 5.0;
				TARGETED_DEVICE_FAMILY = "1,2";
				TEST_HOST = "";
			};
			name = Release;
		};
/* End XCBuildConfiguration section */

/* Begin XCConfigurationList section */
		22BF82832A8873CB00196095 /* Build configuration list for PBXNativeTarget "EssentialFeedAPIEndToEndTests" */ = {
			isa = XCConfigurationList;
			buildConfigurations = (
				22BF82812A8873CB00196095 /* Debug */,
				22BF82822A8873CB00196095 /* Release */,
			);
			defaultConfigurationIsVisible = 0;
			defaultConfigurationName = Release;
		};
		2ECF23DD2A7CFB97009F2ACB /* Build configuration list for PBXProject "EssentialFeed" */ = {
			isa = XCConfigurationList;
			buildConfigurations = (
				2ECF23F32A7CFB97009F2ACB /* Debug */,
				2ECF23F42A7CFB97009F2ACB /* Release */,
			);
			defaultConfigurationIsVisible = 0;
			defaultConfigurationName = Release;
		};
		2ECF23F52A7CFB97009F2ACB /* Build configuration list for PBXNativeTarget "EssentialFeed" */ = {
			isa = XCConfigurationList;
			buildConfigurations = (
				2ECF23F62A7CFB97009F2ACB /* Debug */,
				2ECF23F72A7CFB97009F2ACB /* Release */,
			);
			defaultConfigurationIsVisible = 0;
			defaultConfigurationName = Release;
		};
		2ECF23F82A7CFB97009F2ACB /* Build configuration list for PBXNativeTarget "EssentialFeedTests" */ = {
			isa = XCConfigurationList;
			buildConfigurations = (
				2ECF23F92A7CFB97009F2ACB /* Debug */,
				2ECF23FA2A7CFB97009F2ACB /* Release */,
			);
			defaultConfigurationIsVisible = 0;
			defaultConfigurationName = Release;
		};
/* End XCConfigurationList section */

/* Begin XCVersionGroup section */
		229FB4B12A97505A00840D03 /* FeedStore.xcdatamodeld */ = {
			isa = XCVersionGroup;
			children = (
				229FB4B22A97505A00840D03 /* FeedStore.xcdatamodel */,
			);
			currentVersion = 229FB4B22A97505A00840D03 /* FeedStore.xcdatamodel */;
			path = FeedStore.xcdatamodeld;
			sourceTree = "<group>";
			versionGroupType = wrapper.xcdatamodel;
		};
/* End XCVersionGroup section */
	};
	rootObject = 2ECF23DA2A7CFB97009F2ACB /* Project object */;
}
