// !$*UTF8*$!
{
	archiveVersion = 1;
	classes = {
	};
	objectVersion = 56;
	objects = {

/* Begin PBXBuildFile section */
		2288C1D52AC19E3300BDA013 /* HTTClientStub.swift in Sources */ = {isa = PBXBuildFile; fileRef = 2288C1D42AC19E3300BDA013 /* HTTClientStub.swift */; };
		2288C1D72AC19E7C00BDA013 /* InMemoryFeedStore.swift in Sources */ = {isa = PBXBuildFile; fileRef = 2288C1D62AC19E7C00BDA013 /* InMemoryFeedStore.swift */; };
		228BA31F2ABDA707006D1476 /* FeedImageDataLoaderSpy.swift in Sources */ = {isa = PBXBuildFile; fileRef = 228BA31E2ABDA707006D1476 /* FeedImageDataLoaderSpy.swift */; };
		228BA3212ABDA7D5006D1476 /* XCTestCase+FeedImageDataLoader.swift in Sources */ = {isa = PBXBuildFile; fileRef = 228BA3202ABDA7D5006D1476 /* XCTestCase+FeedImageDataLoader.swift */; };
		22C177C22AC281120068022D /* UIImage+TestHelpers.swift in Sources */ = {isa = PBXBuildFile; fileRef = 22C177C12AC281120068022D /* UIImage+TestHelpers.swift */; };
		22C177CB2AC2DC6D0068022D /* UIView+TestHelpers.swift in Sources */ = {isa = PBXBuildFile; fileRef = 22C177CA2AC2DC6D0068022D /* UIView+TestHelpers.swift */; };
		22C177CD2AC47E400068022D /* CombineHelpers.swift in Sources */ = {isa = PBXBuildFile; fileRef = 22C177CC2AC47E400068022D /* CombineHelpers.swift */; };
		22DE94882ABCA576005BA3E7 /* XCTestCase+MemoryLeakTracking.swift in Sources */ = {isa = PBXBuildFile; fileRef = 22DE94872ABCA576005BA3E7 /* XCTestCase+MemoryLeakTracking.swift */; };
		22DE948A2ABCA5DD005BA3E7 /* SharedTestHelpers.swift in Sources */ = {isa = PBXBuildFile; fileRef = 22DE94892ABCA5DD005BA3E7 /* SharedTestHelpers.swift */; };
		22E44EF72ABBFEDD00D3F10A /* AppDelegate.swift in Sources */ = {isa = PBXBuildFile; fileRef = 22E44EF62ABBFEDD00D3F10A /* AppDelegate.swift */; };
		22E44EF92ABBFEDD00D3F10A /* SceneDelegate.swift in Sources */ = {isa = PBXBuildFile; fileRef = 22E44EF82ABBFEDD00D3F10A /* SceneDelegate.swift */; };
		22E44EFB2ABBFEDD00D3F10A /* ViewController.swift in Sources */ = {isa = PBXBuildFile; fileRef = 22E44EFA2ABBFEDD00D3F10A /* ViewController.swift */; };
		22E44F002ABBFEDE00D3F10A /* Assets.xcassets in Resources */ = {isa = PBXBuildFile; fileRef = 22E44EFF2ABBFEDE00D3F10A /* Assets.xcassets */; };
		22E44F032ABBFEDE00D3F10A /* LaunchScreen.storyboard in Resources */ = {isa = PBXBuildFile; fileRef = 22E44F012ABBFEDE00D3F10A /* LaunchScreen.storyboard */; };
		22E44F182ABBFEDE00D3F10A /* EssentialAppUITests.swift in Sources */ = {isa = PBXBuildFile; fileRef = 22E44F172ABBFEDE00D3F10A /* EssentialAppUITests.swift */; };
		22E44F1A2ABBFEDE00D3F10A /* EssentialAppUITestsLaunchTests.swift in Sources */ = {isa = PBXBuildFile; fileRef = 22E44F192ABBFEDE00D3F10A /* EssentialAppUITestsLaunchTests.swift */; };
		22E44F292ABBFFD500D3F10A /* EssentialFeed.framework in Frameworks */ = {isa = PBXBuildFile; fileRef = 22E44F272ABBFFD500D3F10A /* EssentialFeed.framework */; };
		22E44F2A2ABBFFD500D3F10A /* EssentialFeed.framework in Embed Frameworks */ = {isa = PBXBuildFile; fileRef = 22E44F272ABBFFD500D3F10A /* EssentialFeed.framework */; settings = {ATTRIBUTES = (CodeSignOnCopy, RemoveHeadersOnCopy, ); }; };
		22E44F2B2ABBFFD500D3F10A /* EssentialFeediOS.framework in Frameworks */ = {isa = PBXBuildFile; fileRef = 22E44F282ABBFFD500D3F10A /* EssentialFeediOS.framework */; };
		22E44F2C2ABBFFD500D3F10A /* EssentialFeediOS.framework in Embed Frameworks */ = {isa = PBXBuildFile; fileRef = 22E44F282ABBFFD500D3F10A /* EssentialFeediOS.framework */; settings = {ATTRIBUTES = (CodeSignOnCopy, RemoveHeadersOnCopy, ); }; };
		22E5DF622AC187660085A614 /* SceneDelegateTests.swift in Sources */ = {isa = PBXBuildFile; fileRef = 22E5DF612AC187660085A614 /* SceneDelegateTests.swift */; };
		22E5DF642AC18A760085A614 /* FeedUIIntegrationTests.swift in Sources */ = {isa = PBXBuildFile; fileRef = 22E5DF632AC18A760085A614 /* FeedUIIntegrationTests.swift */; };
		22E5DF6A2AC18A960085A614 /* FeedViewControllerTests+Localization.swift in Sources */ = {isa = PBXBuildFile; fileRef = 22E5DF692AC18A960085A614 /* FeedViewControllerTests+Localization.swift */; };
		22E5DF6B2AC18A960085A614 /* FeedViewControllerTests+LoaderSpy.swift in Sources */ = {isa = PBXBuildFile; fileRef = 22E5DF682AC18A960085A614 /* FeedViewControllerTests+LoaderSpy.swift */; };
		22E5DF6C2AC18A960085A614 /* FeedImageCell+TestHelpers.swift in Sources */ = {isa = PBXBuildFile; fileRef = 22E5DF662AC18A960085A614 /* FeedImageCell+TestHelpers.swift */; };
		22E5DF6D2AC18A960085A614 /* FeedViewControllerTests+Assertions.swift in Sources */ = {isa = PBXBuildFile; fileRef = 22E5DF672AC18A960085A614 /* FeedViewControllerTests+Assertions.swift */; };
		22E5DF6E2AC18A960085A614 /* FeedViewController+TestHelpers.swift in Sources */ = {isa = PBXBuildFile; fileRef = 22E5DF652AC18A960085A614 /* FeedViewController+TestHelpers.swift */; };
		22E5DF732AC18ABE0085A614 /* UIControl+TestHelpers.swift in Sources */ = {isa = PBXBuildFile; fileRef = 22E5DF722AC18ABE0085A614 /* UIControl+TestHelpers.swift */; };
		22E5DF742AC18ABE0085A614 /* UIButton+TestHelpers.swift in Sources */ = {isa = PBXBuildFile; fileRef = 22E5DF6F2AC18ABE0085A614 /* UIButton+TestHelpers.swift */; };
		22E5DF752AC18ABE0085A614 /* UIRefreshController+TestHelpers.swift in Sources */ = {isa = PBXBuildFile; fileRef = 22E5DF712AC18ABE0085A614 /* UIRefreshController+TestHelpers.swift */; };
		22E5DF7D2AC18AD80085A614 /* FeedViewAdapter.swift in Sources */ = {isa = PBXBuildFile; fileRef = 22E5DF7B2AC18AD80085A614 /* FeedViewAdapter.swift */; };
		22E5DF7E2AC18AD80085A614 /* LoadResourcePresentationAdapter.swift in Sources */ = {isa = PBXBuildFile; fileRef = 22E5DF7A2AC18AD80085A614 /* LoadResourcePresentationAdapter.swift */; };
		22E5DF7F2AC18AD80085A614 /* WeakRefVirtualProxy.swift in Sources */ = {isa = PBXBuildFile; fileRef = 22E5DF782AC18AD80085A614 /* WeakRefVirtualProxy.swift */; };
		22E5DF802AC18AD80085A614 /* FeedUIComposer.swift in Sources */ = {isa = PBXBuildFile; fileRef = 22E5DF7C2AC18AD80085A614 /* FeedUIComposer.swift */; };
		22E5DF822AC18AD80085A614 /* MainQueueDispatchDecorator.swift in Sources */ = {isa = PBXBuildFile; fileRef = 22E5DF772AC18AD80085A614 /* MainQueueDispatchDecorator.swift */; };
		22E5DF842AC195A20085A614 /* FeedAcceptanceTests.swift in Sources */ = {isa = PBXBuildFile; fileRef = 22E5DF832AC195A20085A614 /* FeedAcceptanceTests.swift */; };
		22F234DD2ABC4D4300EF4F09 /* EssentialApp.xctestplan in Resources */ = {isa = PBXBuildFile; fileRef = 22F234DC2ABC4D4300EF4F09 /* EssentialApp.xctestplan */; };
/* End PBXBuildFile section */

/* Begin PBXContainerItemProxy section */
		228BA33F2ABE9817006D1476 /* PBXContainerItemProxy */ = {
			isa = PBXContainerItemProxy;
			containerPortal = 22E44EEB2ABBFEDD00D3F10A /* Project object */;
			proxyType = 1;
			remoteGlobalIDString = 22E44EF22ABBFEDD00D3F10A;
			remoteInfo = EssentialApp;
		};
		22E44F0A2ABBFEDE00D3F10A /* PBXContainerItemProxy */ = {
			isa = PBXContainerItemProxy;
			containerPortal = 22E44EEB2ABBFEDD00D3F10A /* Project object */;
			proxyType = 1;
			remoteGlobalIDString = 22E44EF22ABBFEDD00D3F10A;
			remoteInfo = EssentialApp;
		};
		22E44F142ABBFEDE00D3F10A /* PBXContainerItemProxy */ = {
			isa = PBXContainerItemProxy;
			containerPortal = 22E44EEB2ABBFEDD00D3F10A /* Project object */;
			proxyType = 1;
			remoteGlobalIDString = 22E44EF22ABBFEDD00D3F10A;
			remoteInfo = EssentialApp;
		};
/* End PBXContainerItemProxy section */

/* Begin PBXCopyFilesBuildPhase section */
		22E44F2D2ABBFFD500D3F10A /* Embed Frameworks */ = {
			isa = PBXCopyFilesBuildPhase;
			buildActionMask = 2147483647;
			dstPath = "";
			dstSubfolderSpec = 10;
			files = (
				22E44F2A2ABBFFD500D3F10A /* EssentialFeed.framework in Embed Frameworks */,
				22E44F2C2ABBFFD500D3F10A /* EssentialFeediOS.framework in Embed Frameworks */,
			);
			name = "Embed Frameworks";
			runOnlyForDeploymentPostprocessing = 0;
		};
/* End PBXCopyFilesBuildPhase section */

/* Begin PBXFileReference section */
		2288C1D42AC19E3300BDA013 /* HTTClientStub.swift */ = {isa = PBXFileReference; lastKnownFileType = sourcecode.swift; path = HTTClientStub.swift; sourceTree = "<group>"; };
		2288C1D62AC19E7C00BDA013 /* InMemoryFeedStore.swift */ = {isa = PBXFileReference; lastKnownFileType = sourcecode.swift; path = InMemoryFeedStore.swift; sourceTree = "<group>"; };
		228BA31E2ABDA707006D1476 /* FeedImageDataLoaderSpy.swift */ = {isa = PBXFileReference; lastKnownFileType = sourcecode.swift; path = FeedImageDataLoaderSpy.swift; sourceTree = "<group>"; };
		228BA3202ABDA7D5006D1476 /* XCTestCase+FeedImageDataLoader.swift */ = {isa = PBXFileReference; lastKnownFileType = sourcecode.swift; path = "XCTestCase+FeedImageDataLoader.swift"; sourceTree = "<group>"; };
		228BA3392ABE9817006D1476 /* EssentialAppUIAcceptanceTests.xctest */ = {isa = PBXFileReference; explicitFileType = wrapper.cfbundle; includeInIndex = 0; path = EssentialAppUIAcceptanceTests.xctest; sourceTree = BUILT_PRODUCTS_DIR; };
		22C177C12AC281120068022D /* UIImage+TestHelpers.swift */ = {isa = PBXFileReference; fileEncoding = 4; lastKnownFileType = sourcecode.swift; path = "UIImage+TestHelpers.swift"; sourceTree = "<group>"; };
		22C177CA2AC2DC6D0068022D /* UIView+TestHelpers.swift */ = {isa = PBXFileReference; lastKnownFileType = sourcecode.swift; path = "UIView+TestHelpers.swift"; sourceTree = "<group>"; };
		22C177CC2AC47E400068022D /* CombineHelpers.swift */ = {isa = PBXFileReference; lastKnownFileType = sourcecode.swift; path = CombineHelpers.swift; sourceTree = "<group>"; };
		22DE94872ABCA576005BA3E7 /* XCTestCase+MemoryLeakTracking.swift */ = {isa = PBXFileReference; lastKnownFileType = sourcecode.swift; path = "XCTestCase+MemoryLeakTracking.swift"; sourceTree = "<group>"; };
		22DE94892ABCA5DD005BA3E7 /* SharedTestHelpers.swift */ = {isa = PBXFileReference; lastKnownFileType = sourcecode.swift; path = SharedTestHelpers.swift; sourceTree = "<group>"; };
		22E44EF32ABBFEDD00D3F10A /* EssentialApp.app */ = {isa = PBXFileReference; explicitFileType = wrapper.application; includeInIndex = 0; path = EssentialApp.app; sourceTree = BUILT_PRODUCTS_DIR; };
		22E44EF62ABBFEDD00D3F10A /* AppDelegate.swift */ = {isa = PBXFileReference; lastKnownFileType = sourcecode.swift; path = AppDelegate.swift; sourceTree = "<group>"; };
		22E44EF82ABBFEDD00D3F10A /* SceneDelegate.swift */ = {isa = PBXFileReference; lastKnownFileType = sourcecode.swift; path = SceneDelegate.swift; sourceTree = "<group>"; };
		22E44EFA2ABBFEDD00D3F10A /* ViewController.swift */ = {isa = PBXFileReference; lastKnownFileType = sourcecode.swift; path = ViewController.swift; sourceTree = "<group>"; };
		22E44EFF2ABBFEDE00D3F10A /* Assets.xcassets */ = {isa = PBXFileReference; lastKnownFileType = folder.assetcatalog; path = Assets.xcassets; sourceTree = "<group>"; };
		22E44F022ABBFEDE00D3F10A /* Base */ = {isa = PBXFileReference; lastKnownFileType = file.storyboard; name = Base; path = Base.lproj/LaunchScreen.storyboard; sourceTree = "<group>"; };
		22E44F042ABBFEDE00D3F10A /* Info.plist */ = {isa = PBXFileReference; lastKnownFileType = text.plist.xml; path = Info.plist; sourceTree = "<group>"; };
		22E44F092ABBFEDE00D3F10A /* EssentialAppTests.xctest */ = {isa = PBXFileReference; explicitFileType = wrapper.cfbundle; includeInIndex = 0; path = EssentialAppTests.xctest; sourceTree = BUILT_PRODUCTS_DIR; };
		22E44F132ABBFEDE00D3F10A /* EssentialAppUITests.xctest */ = {isa = PBXFileReference; explicitFileType = wrapper.cfbundle; includeInIndex = 0; path = EssentialAppUITests.xctest; sourceTree = BUILT_PRODUCTS_DIR; };
		22E44F172ABBFEDE00D3F10A /* EssentialAppUITests.swift */ = {isa = PBXFileReference; lastKnownFileType = sourcecode.swift; path = EssentialAppUITests.swift; sourceTree = "<group>"; };
		22E44F192ABBFEDE00D3F10A /* EssentialAppUITestsLaunchTests.swift */ = {isa = PBXFileReference; lastKnownFileType = sourcecode.swift; path = EssentialAppUITestsLaunchTests.swift; sourceTree = "<group>"; };
		22E44F272ABBFFD500D3F10A /* EssentialFeed.framework */ = {isa = PBXFileReference; explicitFileType = wrapper.framework; path = EssentialFeed.framework; sourceTree = BUILT_PRODUCTS_DIR; };
		22E44F282ABBFFD500D3F10A /* EssentialFeediOS.framework */ = {isa = PBXFileReference; explicitFileType = wrapper.framework; path = EssentialFeediOS.framework; sourceTree = BUILT_PRODUCTS_DIR; };
		22E5DF612AC187660085A614 /* SceneDelegateTests.swift */ = {isa = PBXFileReference; lastKnownFileType = sourcecode.swift; path = SceneDelegateTests.swift; sourceTree = "<group>"; };
		22E5DF632AC18A760085A614 /* FeedUIIntegrationTests.swift */ = {isa = PBXFileReference; lastKnownFileType = sourcecode.swift; path = FeedUIIntegrationTests.swift; sourceTree = "<group>"; };
		22E5DF652AC18A960085A614 /* FeedViewController+TestHelpers.swift */ = {isa = PBXFileReference; lastKnownFileType = sourcecode.swift; path = "FeedViewController+TestHelpers.swift"; sourceTree = "<group>"; };
		22E5DF662AC18A960085A614 /* FeedImageCell+TestHelpers.swift */ = {isa = PBXFileReference; lastKnownFileType = sourcecode.swift; path = "FeedImageCell+TestHelpers.swift"; sourceTree = "<group>"; };
		22E5DF672AC18A960085A614 /* FeedViewControllerTests+Assertions.swift */ = {isa = PBXFileReference; lastKnownFileType = sourcecode.swift; path = "FeedViewControllerTests+Assertions.swift"; sourceTree = "<group>"; };
		22E5DF682AC18A960085A614 /* FeedViewControllerTests+LoaderSpy.swift */ = {isa = PBXFileReference; lastKnownFileType = sourcecode.swift; path = "FeedViewControllerTests+LoaderSpy.swift"; sourceTree = "<group>"; };
		22E5DF692AC18A960085A614 /* FeedViewControllerTests+Localization.swift */ = {isa = PBXFileReference; lastKnownFileType = sourcecode.swift; path = "FeedViewControllerTests+Localization.swift"; sourceTree = "<group>"; };
		22E5DF6F2AC18ABE0085A614 /* UIButton+TestHelpers.swift */ = {isa = PBXFileReference; lastKnownFileType = sourcecode.swift; path = "UIButton+TestHelpers.swift"; sourceTree = "<group>"; };
		22E5DF712AC18ABE0085A614 /* UIRefreshController+TestHelpers.swift */ = {isa = PBXFileReference; lastKnownFileType = sourcecode.swift; path = "UIRefreshController+TestHelpers.swift"; sourceTree = "<group>"; };
		22E5DF722AC18ABE0085A614 /* UIControl+TestHelpers.swift */ = {isa = PBXFileReference; lastKnownFileType = sourcecode.swift; path = "UIControl+TestHelpers.swift"; sourceTree = "<group>"; };
		22E5DF772AC18AD80085A614 /* MainQueueDispatchDecorator.swift */ = {isa = PBXFileReference; lastKnownFileType = sourcecode.swift; path = MainQueueDispatchDecorator.swift; sourceTree = "<group>"; };
		22E5DF782AC18AD80085A614 /* WeakRefVirtualProxy.swift */ = {isa = PBXFileReference; lastKnownFileType = sourcecode.swift; path = WeakRefVirtualProxy.swift; sourceTree = "<group>"; };
		22E5DF7A2AC18AD80085A614 /* LoadResourcePresentationAdapter.swift */ = {isa = PBXFileReference; lastKnownFileType = sourcecode.swift; path = LoadResourcePresentationAdapter.swift; sourceTree = "<group>"; };
		22E5DF7B2AC18AD80085A614 /* FeedViewAdapter.swift */ = {isa = PBXFileReference; lastKnownFileType = sourcecode.swift; path = FeedViewAdapter.swift; sourceTree = "<group>"; };
		22E5DF7C2AC18AD80085A614 /* FeedUIComposer.swift */ = {isa = PBXFileReference; lastKnownFileType = sourcecode.swift; path = FeedUIComposer.swift; sourceTree = "<group>"; };
		22E5DF832AC195A20085A614 /* FeedAcceptanceTests.swift */ = {isa = PBXFileReference; lastKnownFileType = sourcecode.swift; path = FeedAcceptanceTests.swift; sourceTree = "<group>"; };
		22F234DC2ABC4D4300EF4F09 /* EssentialApp.xctestplan */ = {isa = PBXFileReference; fileEncoding = 4; lastKnownFileType = text; path = EssentialApp.xctestplan; sourceTree = "<group>"; };
/* End PBXFileReference section */

/* Begin PBXFrameworksBuildPhase section */
		228BA3362ABE9817006D1476 /* Frameworks */ = {
			isa = PBXFrameworksBuildPhase;
			buildActionMask = 2147483647;
			files = (
			);
			runOnlyForDeploymentPostprocessing = 0;
		};
		22E44EF02ABBFEDD00D3F10A /* Frameworks */ = {
			isa = PBXFrameworksBuildPhase;
			buildActionMask = 2147483647;
			files = (
				22E44F292ABBFFD500D3F10A /* EssentialFeed.framework in Frameworks */,
				22E44F2B2ABBFFD500D3F10A /* EssentialFeediOS.framework in Frameworks */,
			);
			runOnlyForDeploymentPostprocessing = 0;
		};
		22E44F062ABBFEDE00D3F10A /* Frameworks */ = {
			isa = PBXFrameworksBuildPhase;
			buildActionMask = 2147483647;
			files = (
			);
			runOnlyForDeploymentPostprocessing = 0;
		};
		22E44F102ABBFEDE00D3F10A /* Frameworks */ = {
			isa = PBXFrameworksBuildPhase;
			buildActionMask = 2147483647;
			files = (
			);
			runOnlyForDeploymentPostprocessing = 0;
		};
/* End PBXFrameworksBuildPhase section */

/* Begin PBXGroup section */
		22DE94862ABCA553005BA3E7 /* Helpers */ = {
			isa = PBXGroup;
			children = (
				22C177C12AC281120068022D /* UIImage+TestHelpers.swift */,
				22E5DF712AC18ABE0085A614 /* UIRefreshController+TestHelpers.swift */,
				22E5DF6F2AC18ABE0085A614 /* UIButton+TestHelpers.swift */,
				22E5DF722AC18ABE0085A614 /* UIControl+TestHelpers.swift */,
				22E5DF652AC18A960085A614 /* FeedViewController+TestHelpers.swift */,
				22E5DF662AC18A960085A614 /* FeedImageCell+TestHelpers.swift */,
				22E5DF672AC18A960085A614 /* FeedViewControllerTests+Assertions.swift */,
				22E5DF682AC18A960085A614 /* FeedViewControllerTests+LoaderSpy.swift */,
				22E5DF692AC18A960085A614 /* FeedViewControllerTests+Localization.swift */,
				22DE94872ABCA576005BA3E7 /* XCTestCase+MemoryLeakTracking.swift */,
				22DE94892ABCA5DD005BA3E7 /* SharedTestHelpers.swift */,
				228BA3202ABDA7D5006D1476 /* XCTestCase+FeedImageDataLoader.swift */,
				228BA31E2ABDA707006D1476 /* FeedImageDataLoaderSpy.swift */,
				2288C1D42AC19E3300BDA013 /* HTTClientStub.swift */,
				2288C1D62AC19E7C00BDA013 /* InMemoryFeedStore.swift */,
				22C177CA2AC2DC6D0068022D /* UIView+TestHelpers.swift */,
			);
			path = Helpers;
			sourceTree = "<group>";
		};
		22E44EEA2ABBFEDD00D3F10A = {
			isa = PBXGroup;
			children = (
				22F234DB2ABC4D3100EF4F09 /* Test Plan */,
				22E44EF52ABBFEDD00D3F10A /* EssentialApp */,
				22E44F0C2ABBFEDE00D3F10A /* EssentialAppTests */,
				22E44F162ABBFEDE00D3F10A /* EssentialAppUITests */,
				22E44EF42ABBFEDD00D3F10A /* Products */,
				22E44F262ABBFFD500D3F10A /* Frameworks */,
			);
			sourceTree = "<group>";
		};
		22E44EF42ABBFEDD00D3F10A /* Products */ = {
			isa = PBXGroup;
			children = (
				22E44EF32ABBFEDD00D3F10A /* EssentialApp.app */,
				22E44F092ABBFEDE00D3F10A /* EssentialAppTests.xctest */,
				22E44F132ABBFEDE00D3F10A /* EssentialAppUITests.xctest */,
				228BA3392ABE9817006D1476 /* EssentialAppUIAcceptanceTests.xctest */,
			);
			name = Products;
			sourceTree = "<group>";
		};
		22E44EF52ABBFEDD00D3F10A /* EssentialApp */ = {
			isa = PBXGroup;
			children = (
				22E5DF7A2AC18AD80085A614 /* LoadResourcePresentationAdapter.swift */,
				22E5DF7B2AC18AD80085A614 /* FeedViewAdapter.swift */,
				22E5DF782AC18AD80085A614 /* WeakRefVirtualProxy.swift */,
				22E5DF7C2AC18AD80085A614 /* FeedUIComposer.swift */,
				22E5DF772AC18AD80085A614 /* MainQueueDispatchDecorator.swift */,
				22E44EF62ABBFEDD00D3F10A /* AppDelegate.swift */,
				22E44EF82ABBFEDD00D3F10A /* SceneDelegate.swift */,
				22E44EFA2ABBFEDD00D3F10A /* ViewController.swift */,
				22E44EFF2ABBFEDE00D3F10A /* Assets.xcassets */,
				22E44F012ABBFEDE00D3F10A /* LaunchScreen.storyboard */,
				22E44F042ABBFEDE00D3F10A /* Info.plist */,
				22C177CC2AC47E400068022D /* CombineHelpers.swift */,
			);
			path = EssentialApp;
			sourceTree = "<group>";
		};
		22E44F0C2ABBFEDE00D3F10A /* EssentialAppTests */ = {
			isa = PBXGroup;
			children = (
				22DE94862ABCA553005BA3E7 /* Helpers */,
				22E5DF612AC187660085A614 /* SceneDelegateTests.swift */,
				22E5DF832AC195A20085A614 /* FeedAcceptanceTests.swift */,
				22E5DF632AC18A760085A614 /* FeedUIIntegrationTests.swift */,
			);
			path = EssentialAppTests;
			sourceTree = "<group>";
		};
		22E44F162ABBFEDE00D3F10A /* EssentialAppUITests */ = {
			isa = PBXGroup;
			children = (
				22E44F172ABBFEDE00D3F10A /* EssentialAppUITests.swift */,
				22E44F192ABBFEDE00D3F10A /* EssentialAppUITestsLaunchTests.swift */,
			);
			path = EssentialAppUITests;
			sourceTree = "<group>";
		};
		22E44F262ABBFFD500D3F10A /* Frameworks */ = {
			isa = PBXGroup;
			children = (
				22E44F272ABBFFD500D3F10A /* EssentialFeed.framework */,
				22E44F282ABBFFD500D3F10A /* EssentialFeediOS.framework */,
			);
			name = Frameworks;
			sourceTree = "<group>";
		};
		22F234DB2ABC4D3100EF4F09 /* Test Plan */ = {
			isa = PBXGroup;
			children = (
				22F234DC2ABC4D4300EF4F09 /* EssentialApp.xctestplan */,
			);
			path = "Test Plan";
			sourceTree = "<group>";
		};
/* End PBXGroup section */

/* Begin PBXNativeTarget section */
		228BA3382ABE9817006D1476 /* EssentialAppUIAcceptanceTests */ = {
			isa = PBXNativeTarget;
			buildConfigurationList = 228BA3432ABE9817006D1476 /* Build configuration list for PBXNativeTarget "EssentialAppUIAcceptanceTests" */;
			buildPhases = (
				228BA3352ABE9817006D1476 /* Sources */,
				228BA3362ABE9817006D1476 /* Frameworks */,
				228BA3372ABE9817006D1476 /* Resources */,
			);
			buildRules = (
			);
			dependencies = (
				228BA3402ABE9817006D1476 /* PBXTargetDependency */,
			);
			name = EssentialAppUIAcceptanceTests;
			productName = EssentialAppUIAcceptanceTests;
			productReference = 228BA3392ABE9817006D1476 /* EssentialAppUIAcceptanceTests.xctest */;
			productType = "com.apple.product-type.bundle.ui-testing";
		};
		22E44EF22ABBFEDD00D3F10A /* EssentialApp */ = {
			isa = PBXNativeTarget;
			buildConfigurationList = 22E44F1D2ABBFEDE00D3F10A /* Build configuration list for PBXNativeTarget "EssentialApp" */;
			buildPhases = (
				22E44EEF2ABBFEDD00D3F10A /* Sources */,
				22E44EF02ABBFEDD00D3F10A /* Frameworks */,
				22E44EF12ABBFEDD00D3F10A /* Resources */,
				22E44F2D2ABBFFD500D3F10A /* Embed Frameworks */,
			);
			buildRules = (
			);
			dependencies = (
			);
			name = EssentialApp;
			productName = EssentialApp;
			productReference = 22E44EF32ABBFEDD00D3F10A /* EssentialApp.app */;
			productType = "com.apple.product-type.application";
		};
		22E44F082ABBFEDE00D3F10A /* EssentialAppTests */ = {
			isa = PBXNativeTarget;
			buildConfigurationList = 22E44F202ABBFEDE00D3F10A /* Build configuration list for PBXNativeTarget "EssentialAppTests" */;
			buildPhases = (
				22E44F052ABBFEDE00D3F10A /* Sources */,
				22E44F062ABBFEDE00D3F10A /* Frameworks */,
				22E44F072ABBFEDE00D3F10A /* Resources */,
			);
			buildRules = (
			);
			dependencies = (
				22E44F0B2ABBFEDE00D3F10A /* PBXTargetDependency */,
			);
			name = EssentialAppTests;
			productName = EssentialAppTests;
			productReference = 22E44F092ABBFEDE00D3F10A /* EssentialAppTests.xctest */;
			productType = "com.apple.product-type.bundle.unit-test";
		};
		22E44F122ABBFEDE00D3F10A /* EssentialAppUITests */ = {
			isa = PBXNativeTarget;
			buildConfigurationList = 22E44F232ABBFEDE00D3F10A /* Build configuration list for PBXNativeTarget "EssentialAppUITests" */;
			buildPhases = (
				22E44F0F2ABBFEDE00D3F10A /* Sources */,
				22E44F102ABBFEDE00D3F10A /* Frameworks */,
				22E44F112ABBFEDE00D3F10A /* Resources */,
			);
			buildRules = (
			);
			dependencies = (
				22E44F152ABBFEDE00D3F10A /* PBXTargetDependency */,
			);
			name = EssentialAppUITests;
			productName = EssentialAppUITests;
			productReference = 22E44F132ABBFEDE00D3F10A /* EssentialAppUITests.xctest */;
			productType = "com.apple.product-type.bundle.ui-testing";
		};
/* End PBXNativeTarget section */

/* Begin PBXProject section */
		22E44EEB2ABBFEDD00D3F10A /* Project object */ = {
			isa = PBXProject;
			attributes = {
				BuildIndependentTargetsInParallel = 1;
				LastSwiftUpdateCheck = 1430;
				LastUpgradeCheck = 1430;
				TargetAttributes = {
					228BA3382ABE9817006D1476 = {
						CreatedOnToolsVersion = 14.3.1;
						TestTargetID = 22E44EF22ABBFEDD00D3F10A;
					};
					22E44EF22ABBFEDD00D3F10A = {
						CreatedOnToolsVersion = 14.3.1;
					};
					22E44F082ABBFEDE00D3F10A = {
						CreatedOnToolsVersion = 14.3.1;
						TestTargetID = 22E44EF22ABBFEDD00D3F10A;
					};
					22E44F122ABBFEDE00D3F10A = {
						CreatedOnToolsVersion = 14.3.1;
						TestTargetID = 22E44EF22ABBFEDD00D3F10A;
					};
				};
			};
			buildConfigurationList = 22E44EEE2ABBFEDD00D3F10A /* Build configuration list for PBXProject "EssentialApp" */;
			compatibilityVersion = "Xcode 14.0";
			developmentRegion = en;
			hasScannedForEncodings = 0;
			knownRegions = (
				en,
				Base,
			);
			mainGroup = 22E44EEA2ABBFEDD00D3F10A;
			productRefGroup = 22E44EF42ABBFEDD00D3F10A /* Products */;
			projectDirPath = "";
			projectRoot = "";
			targets = (
				22E44EF22ABBFEDD00D3F10A /* EssentialApp */,
				22E44F082ABBFEDE00D3F10A /* EssentialAppTests */,
				22E44F122ABBFEDE00D3F10A /* EssentialAppUITests */,
				228BA3382ABE9817006D1476 /* EssentialAppUIAcceptanceTests */,
			);
		};
/* End PBXProject section */

/* Begin PBXResourcesBuildPhase section */
		228BA3372ABE9817006D1476 /* Resources */ = {
			isa = PBXResourcesBuildPhase;
			buildActionMask = 2147483647;
			files = (
			);
			runOnlyForDeploymentPostprocessing = 0;
		};
		22E44EF12ABBFEDD00D3F10A /* Resources */ = {
			isa = PBXResourcesBuildPhase;
			buildActionMask = 2147483647;
			files = (
				22F234DD2ABC4D4300EF4F09 /* EssentialApp.xctestplan in Resources */,
				22E44F032ABBFEDE00D3F10A /* LaunchScreen.storyboard in Resources */,
				22E44F002ABBFEDE00D3F10A /* Assets.xcassets in Resources */,
			);
			runOnlyForDeploymentPostprocessing = 0;
		};
		22E44F072ABBFEDE00D3F10A /* Resources */ = {
			isa = PBXResourcesBuildPhase;
			buildActionMask = 2147483647;
			files = (
			);
			runOnlyForDeploymentPostprocessing = 0;
		};
		22E44F112ABBFEDE00D3F10A /* Resources */ = {
			isa = PBXResourcesBuildPhase;
			buildActionMask = 2147483647;
			files = (
			);
			runOnlyForDeploymentPostprocessing = 0;
		};
/* End PBXResourcesBuildPhase section */

/* Begin PBXSourcesBuildPhase section */
		228BA3352ABE9817006D1476 /* Sources */ = {
			isa = PBXSourcesBuildPhase;
			buildActionMask = 2147483647;
			files = (
			);
			runOnlyForDeploymentPostprocessing = 0;
		};
		22E44EEF2ABBFEDD00D3F10A /* Sources */ = {
			isa = PBXSourcesBuildPhase;
			buildActionMask = 2147483647;
			files = (
				22E5DF7F2AC18AD80085A614 /* WeakRefVirtualProxy.swift in Sources */,
				22E5DF802AC18AD80085A614 /* FeedUIComposer.swift in Sources */,
				22C177CD2AC47E400068022D /* CombineHelpers.swift in Sources */,
				22E44EFB2ABBFEDD00D3F10A /* ViewController.swift in Sources */,
				22E44EF72ABBFEDD00D3F10A /* AppDelegate.swift in Sources */,
				22E44EF92ABBFEDD00D3F10A /* SceneDelegate.swift in Sources */,
				22E5DF822AC18AD80085A614 /* MainQueueDispatchDecorator.swift in Sources */,
				22E5DF7E2AC18AD80085A614 /* LoadResourcePresentationAdapter.swift in Sources */,
				22E5DF7D2AC18AD80085A614 /* FeedViewAdapter.swift in Sources */,
			);
			runOnlyForDeploymentPostprocessing = 0;
		};
		22E44F052ABBFEDE00D3F10A /* Sources */ = {
			isa = PBXSourcesBuildPhase;
			buildActionMask = 2147483647;
			files = (
				22E5DF6B2AC18A960085A614 /* FeedViewControllerTests+LoaderSpy.swift in Sources */,
				22E5DF6A2AC18A960085A614 /* FeedViewControllerTests+Localization.swift in Sources */,
				22DE948A2ABCA5DD005BA3E7 /* SharedTestHelpers.swift in Sources */,
				2288C1D52AC19E3300BDA013 /* HTTClientStub.swift in Sources */,
				22E5DF742AC18ABE0085A614 /* UIButton+TestHelpers.swift in Sources */,
				22E5DF6E2AC18A960085A614 /* FeedViewController+TestHelpers.swift in Sources */,
				228BA3212ABDA7D5006D1476 /* XCTestCase+FeedImageDataLoader.swift in Sources */,
				22E5DF642AC18A760085A614 /* FeedUIIntegrationTests.swift in Sources */,
				22E5DF6C2AC18A960085A614 /* FeedImageCell+TestHelpers.swift in Sources */,
				22C177C22AC281120068022D /* UIImage+TestHelpers.swift in Sources */,
				2288C1D72AC19E7C00BDA013 /* InMemoryFeedStore.swift in Sources */,
				22E5DF732AC18ABE0085A614 /* UIControl+TestHelpers.swift in Sources */,
				22E5DF752AC18ABE0085A614 /* UIRefreshController+TestHelpers.swift in Sources */,
				22E5DF622AC187660085A614 /* SceneDelegateTests.swift in Sources */,
				228BA31F2ABDA707006D1476 /* FeedImageDataLoaderSpy.swift in Sources */,
				22C177CB2AC2DC6D0068022D /* UIView+TestHelpers.swift in Sources */,
				22E5DF842AC195A20085A614 /* FeedAcceptanceTests.swift in Sources */,
				22DE94882ABCA576005BA3E7 /* XCTestCase+MemoryLeakTracking.swift in Sources */,
				22E5DF6D2AC18A960085A614 /* FeedViewControllerTests+Assertions.swift in Sources */,
			);
			runOnlyForDeploymentPostprocessing = 0;
		};
		22E44F0F2ABBFEDE00D3F10A /* Sources */ = {
			isa = PBXSourcesBuildPhase;
			buildActionMask = 2147483647;
			files = (
				22E44F182ABBFEDE00D3F10A /* EssentialAppUITests.swift in Sources */,
				22E44F1A2ABBFEDE00D3F10A /* EssentialAppUITestsLaunchTests.swift in Sources */,
			);
			runOnlyForDeploymentPostprocessing = 0;
		};
/* End PBXSourcesBuildPhase section */

/* Begin PBXTargetDependency section */
		228BA3402ABE9817006D1476 /* PBXTargetDependency */ = {
			isa = PBXTargetDependency;
			target = 22E44EF22ABBFEDD00D3F10A /* EssentialApp */;
			targetProxy = 228BA33F2ABE9817006D1476 /* PBXContainerItemProxy */;
		};
		22E44F0B2ABBFEDE00D3F10A /* PBXTargetDependency */ = {
			isa = PBXTargetDependency;
			target = 22E44EF22ABBFEDD00D3F10A /* EssentialApp */;
			targetProxy = 22E44F0A2ABBFEDE00D3F10A /* PBXContainerItemProxy */;
		};
		22E44F152ABBFEDE00D3F10A /* PBXTargetDependency */ = {
			isa = PBXTargetDependency;
			target = 22E44EF22ABBFEDD00D3F10A /* EssentialApp */;
			targetProxy = 22E44F142ABBFEDE00D3F10A /* PBXContainerItemProxy */;
		};
/* End PBXTargetDependency section */

/* Begin PBXVariantGroup section */
		22E44F012ABBFEDE00D3F10A /* LaunchScreen.storyboard */ = {
			isa = PBXVariantGroup;
			children = (
				22E44F022ABBFEDE00D3F10A /* Base */,
			);
			name = LaunchScreen.storyboard;
			sourceTree = "<group>";
		};
/* End PBXVariantGroup section */

/* Begin XCBuildConfiguration section */
		228BA3412ABE9817006D1476 /* Debug */ = {
			isa = XCBuildConfiguration;
			buildSettings = {
				CODE_SIGN_STYLE = Automatic;
				CURRENT_PROJECT_VERSION = 1;
				DEVELOPMENT_TEAM = 9F2D4H2CZL;
				GENERATE_INFOPLIST_FILE = YES;
				IPHONEOS_DEPLOYMENT_TARGET = 16.4;
				MARKETING_VERSION = 1.0;
				PRODUCT_BUNDLE_IDENTIFIER = sinhlh.EssentialAppUIAcceptanceTests;
				PRODUCT_NAME = "$(TARGET_NAME)";
				SWIFT_EMIT_LOC_STRINGS = NO;
				SWIFT_VERSION = 5.0;
				TARGETED_DEVICE_FAMILY = "1,2";
				TEST_TARGET_NAME = EssentialApp;
			};
			name = Debug;
		};
		228BA3422ABE9817006D1476 /* Release */ = {
			isa = XCBuildConfiguration;
			buildSettings = {
				CODE_SIGN_STYLE = Automatic;
				CURRENT_PROJECT_VERSION = 1;
				DEVELOPMENT_TEAM = 9F2D4H2CZL;
				GENERATE_INFOPLIST_FILE = YES;
				IPHONEOS_DEPLOYMENT_TARGET = 16.4;
				MARKETING_VERSION = 1.0;
				PRODUCT_BUNDLE_IDENTIFIER = sinhlh.EssentialAppUIAcceptanceTests;
				PRODUCT_NAME = "$(TARGET_NAME)";
				SWIFT_EMIT_LOC_STRINGS = NO;
				SWIFT_VERSION = 5.0;
				TARGETED_DEVICE_FAMILY = "1,2";
				TEST_TARGET_NAME = EssentialApp;
			};
			name = Release;
		};
		22E44F1B2ABBFEDE00D3F10A /* Debug */ = {
			isa = XCBuildConfiguration;
			buildSettings = {
				ALWAYS_SEARCH_USER_PATHS = NO;
				CLANG_ANALYZER_NONNULL = YES;
				CLANG_ANALYZER_NUMBER_OBJECT_CONVERSION = YES_AGGRESSIVE;
				CLANG_CXX_LANGUAGE_STANDARD = "gnu++20";
				CLANG_ENABLE_MODULES = YES;
				CLANG_ENABLE_OBJC_ARC = YES;
				CLANG_ENABLE_OBJC_WEAK = YES;
				CLANG_WARN_BLOCK_CAPTURE_AUTORELEASING = YES;
				CLANG_WARN_BOOL_CONVERSION = YES;
				CLANG_WARN_COMMA = YES;
				CLANG_WARN_CONSTANT_CONVERSION = YES;
				CLANG_WARN_DEPRECATED_OBJC_IMPLEMENTATIONS = YES;
				CLANG_WARN_DIRECT_OBJC_ISA_USAGE = YES_ERROR;
				CLANG_WARN_DOCUMENTATION_COMMENTS = YES;
				CLANG_WARN_EMPTY_BODY = YES;
				CLANG_WARN_ENUM_CONVERSION = YES;
				CLANG_WARN_INFINITE_RECURSION = YES;
				CLANG_WARN_INT_CONVERSION = YES;
				CLANG_WARN_NON_LITERAL_NULL_CONVERSION = YES;
				CLANG_WARN_OBJC_IMPLICIT_RETAIN_SELF = YES;
				CLANG_WARN_OBJC_LITERAL_CONVERSION = YES;
				CLANG_WARN_OBJC_ROOT_CLASS = YES_ERROR;
				CLANG_WARN_QUOTED_INCLUDE_IN_FRAMEWORK_HEADER = YES;
				CLANG_WARN_RANGE_LOOP_ANALYSIS = YES;
				CLANG_WARN_STRICT_PROTOTYPES = YES;
				CLANG_WARN_SUSPICIOUS_MOVE = YES;
				CLANG_WARN_UNGUARDED_AVAILABILITY = YES_AGGRESSIVE;
				CLANG_WARN_UNREACHABLE_CODE = YES;
				CLANG_WARN__DUPLICATE_METHOD_MATCH = YES;
				COPY_PHASE_STRIP = NO;
				DEBUG_INFORMATION_FORMAT = dwarf;
				ENABLE_STRICT_OBJC_MSGSEND = YES;
				ENABLE_TESTABILITY = YES;
				GCC_C_LANGUAGE_STANDARD = gnu11;
				GCC_DYNAMIC_NO_PIC = NO;
				GCC_NO_COMMON_BLOCKS = YES;
				GCC_OPTIMIZATION_LEVEL = 0;
				GCC_PREPROCESSOR_DEFINITIONS = (
					"DEBUG=1",
					"$(inherited)",
				);
				GCC_WARN_64_TO_32_BIT_CONVERSION = YES;
				GCC_WARN_ABOUT_RETURN_TYPE = YES_ERROR;
				GCC_WARN_UNDECLARED_SELECTOR = YES;
				GCC_WARN_UNINITIALIZED_AUTOS = YES_AGGRESSIVE;
				GCC_WARN_UNUSED_FUNCTION = YES;
				GCC_WARN_UNUSED_VARIABLE = YES;
				IPHONEOS_DEPLOYMENT_TARGET = 16.2;
				MTL_ENABLE_DEBUG_INFO = INCLUDE_SOURCE;
				MTL_FAST_MATH = YES;
				ONLY_ACTIVE_ARCH = YES;
				SDKROOT = iphoneos;
				SWIFT_ACTIVE_COMPILATION_CONDITIONS = DEBUG;
				SWIFT_OPTIMIZATION_LEVEL = "-Onone";
			};
			name = Debug;
		};
		22E44F1C2ABBFEDE00D3F10A /* Release */ = {
			isa = XCBuildConfiguration;
			buildSettings = {
				ALWAYS_SEARCH_USER_PATHS = NO;
				CLANG_ANALYZER_NONNULL = YES;
				CLANG_ANALYZER_NUMBER_OBJECT_CONVERSION = YES_AGGRESSIVE;
				CLANG_CXX_LANGUAGE_STANDARD = "gnu++20";
				CLANG_ENABLE_MODULES = YES;
				CLANG_ENABLE_OBJC_ARC = YES;
				CLANG_ENABLE_OBJC_WEAK = YES;
				CLANG_WARN_BLOCK_CAPTURE_AUTORELEASING = YES;
				CLANG_WARN_BOOL_CONVERSION = YES;
				CLANG_WARN_COMMA = YES;
				CLANG_WARN_CONSTANT_CONVERSION = YES;
				CLANG_WARN_DEPRECATED_OBJC_IMPLEMENTATIONS = YES;
				CLANG_WARN_DIRECT_OBJC_ISA_USAGE = YES_ERROR;
				CLANG_WARN_DOCUMENTATION_COMMENTS = YES;
				CLANG_WARN_EMPTY_BODY = YES;
				CLANG_WARN_ENUM_CONVERSION = YES;
				CLANG_WARN_INFINITE_RECURSION = YES;
				CLANG_WARN_INT_CONVERSION = YES;
				CLANG_WARN_NON_LITERAL_NULL_CONVERSION = YES;
				CLANG_WARN_OBJC_IMPLICIT_RETAIN_SELF = YES;
				CLANG_WARN_OBJC_LITERAL_CONVERSION = YES;
				CLANG_WARN_OBJC_ROOT_CLASS = YES_ERROR;
				CLANG_WARN_QUOTED_INCLUDE_IN_FRAMEWORK_HEADER = YES;
				CLANG_WARN_RANGE_LOOP_ANALYSIS = YES;
				CLANG_WARN_STRICT_PROTOTYPES = YES;
				CLANG_WARN_SUSPICIOUS_MOVE = YES;
				CLANG_WARN_UNGUARDED_AVAILABILITY = YES_AGGRESSIVE;
				CLANG_WARN_UNREACHABLE_CODE = YES;
				CLANG_WARN__DUPLICATE_METHOD_MATCH = YES;
				COPY_PHASE_STRIP = NO;
				DEBUG_INFORMATION_FORMAT = "dwarf-with-dsym";
				ENABLE_NS_ASSERTIONS = NO;
				ENABLE_STRICT_OBJC_MSGSEND = YES;
				GCC_C_LANGUAGE_STANDARD = gnu11;
				GCC_NO_COMMON_BLOCKS = YES;
				GCC_WARN_64_TO_32_BIT_CONVERSION = YES;
				GCC_WARN_ABOUT_RETURN_TYPE = YES_ERROR;
				GCC_WARN_UNDECLARED_SELECTOR = YES;
				GCC_WARN_UNINITIALIZED_AUTOS = YES_AGGRESSIVE;
				GCC_WARN_UNUSED_FUNCTION = YES;
				GCC_WARN_UNUSED_VARIABLE = YES;
				IPHONEOS_DEPLOYMENT_TARGET = 16.2;
				MTL_ENABLE_DEBUG_INFO = NO;
				MTL_FAST_MATH = YES;
				SDKROOT = iphoneos;
				SWIFT_COMPILATION_MODE = wholemodule;
				SWIFT_OPTIMIZATION_LEVEL = "-O";
				VALIDATE_PRODUCT = YES;
			};
			name = Release;
		};
		22E44F1E2ABBFEDE00D3F10A /* Debug */ = {
			isa = XCBuildConfiguration;
			buildSettings = {
				ASSETCATALOG_COMPILER_APPICON_NAME = AppIcon;
				ASSETCATALOG_COMPILER_GLOBAL_ACCENT_COLOR_NAME = AccentColor;
				CODE_SIGN_STYLE = Automatic;
				CURRENT_PROJECT_VERSION = 1;
				DEVELOPMENT_TEAM = 9F2D4H2CZL;
				GENERATE_INFOPLIST_FILE = YES;
				INFOPLIST_FILE = EssentialApp/Info.plist;
				INFOPLIST_KEY_UIApplicationSupportsIndirectInputEvents = YES;
				INFOPLIST_KEY_UILaunchStoryboardName = LaunchScreen;
				INFOPLIST_KEY_UISupportedInterfaceOrientations_iPad = "UIInterfaceOrientationPortrait UIInterfaceOrientationPortraitUpsideDown UIInterfaceOrientationLandscapeLeft UIInterfaceOrientationLandscapeRight";
				INFOPLIST_KEY_UISupportedInterfaceOrientations_iPhone = "UIInterfaceOrientationPortrait UIInterfaceOrientationLandscapeLeft UIInterfaceOrientationLandscapeRight";
				LD_RUNPATH_SEARCH_PATHS = (
					"$(inherited)",
					"@executable_path/Frameworks",
				);
				MARKETING_VERSION = 1.0;
				PRODUCT_BUNDLE_IDENTIFIER = sinhlh.EssentialApp;
				PRODUCT_NAME = "$(TARGET_NAME)";
				SWIFT_EMIT_LOC_STRINGS = YES;
				SWIFT_VERSION = 5.0;
				TARGETED_DEVICE_FAMILY = "1,2";
			};
			name = Debug;
		};
		22E44F1F2ABBFEDE00D3F10A /* Release */ = {
			isa = XCBuildConfiguration;
			buildSettings = {
				ASSETCATALOG_COMPILER_APPICON_NAME = AppIcon;
				ASSETCATALOG_COMPILER_GLOBAL_ACCENT_COLOR_NAME = AccentColor;
				CODE_SIGN_STYLE = Automatic;
				CURRENT_PROJECT_VERSION = 1;
				DEVELOPMENT_TEAM = 9F2D4H2CZL;
				GENERATE_INFOPLIST_FILE = YES;
				INFOPLIST_FILE = EssentialApp/Info.plist;
				INFOPLIST_KEY_UIApplicationSupportsIndirectInputEvents = YES;
				INFOPLIST_KEY_UILaunchStoryboardName = LaunchScreen;
				INFOPLIST_KEY_UISupportedInterfaceOrientations_iPad = "UIInterfaceOrientationPortrait UIInterfaceOrientationPortraitUpsideDown UIInterfaceOrientationLandscapeLeft UIInterfaceOrientationLandscapeRight";
				INFOPLIST_KEY_UISupportedInterfaceOrientations_iPhone = "UIInterfaceOrientationPortrait UIInterfaceOrientationLandscapeLeft UIInterfaceOrientationLandscapeRight";
				LD_RUNPATH_SEARCH_PATHS = (
					"$(inherited)",
					"@executable_path/Frameworks",
				);
				MARKETING_VERSION = 1.0;
				PRODUCT_BUNDLE_IDENTIFIER = sinhlh.EssentialApp;
				PRODUCT_NAME = "$(TARGET_NAME)";
				SWIFT_EMIT_LOC_STRINGS = YES;
				SWIFT_VERSION = 5.0;
				TARGETED_DEVICE_FAMILY = "1,2";
			};
			name = Release;
		};
		22E44F212ABBFEDE00D3F10A /* Debug */ = {
			isa = XCBuildConfiguration;
			buildSettings = {
				ALWAYS_EMBED_SWIFT_STANDARD_LIBRARIES = YES;
				BUNDLE_LOADER = "$(TEST_HOST)";
				CODE_SIGN_STYLE = Automatic;
				CURRENT_PROJECT_VERSION = 1;
				DEVELOPMENT_TEAM = 9F2D4H2CZL;
				GENERATE_INFOPLIST_FILE = YES;
				IPHONEOS_DEPLOYMENT_TARGET = 16.4;
				MARKETING_VERSION = 1.0;
				PRODUCT_BUNDLE_IDENTIFIER = sinhlh.EssentialAppTests;
				PRODUCT_NAME = "$(TARGET_NAME)";
				SWIFT_EMIT_LOC_STRINGS = NO;
				SWIFT_VERSION = 5.0;
				TARGETED_DEVICE_FAMILY = "1,2";
				TEST_HOST = "$(BUILT_PRODUCTS_DIR)/EssentialApp.app/$(BUNDLE_EXECUTABLE_FOLDER_PATH)/EssentialApp";
			};
			name = Debug;
		};
		22E44F222ABBFEDE00D3F10A /* Release */ = {
			isa = XCBuildConfiguration;
			buildSettings = {
				ALWAYS_EMBED_SWIFT_STANDARD_LIBRARIES = YES;
				BUNDLE_LOADER = "$(TEST_HOST)";
				CODE_SIGN_STYLE = Automatic;
				CURRENT_PROJECT_VERSION = 1;
				DEVELOPMENT_TEAM = 9F2D4H2CZL;
				GENERATE_INFOPLIST_FILE = YES;
				IPHONEOS_DEPLOYMENT_TARGET = 16.4;
				MARKETING_VERSION = 1.0;
				PRODUCT_BUNDLE_IDENTIFIER = sinhlh.EssentialAppTests;
				PRODUCT_NAME = "$(TARGET_NAME)";
				SWIFT_EMIT_LOC_STRINGS = NO;
				SWIFT_VERSION = 5.0;
				TARGETED_DEVICE_FAMILY = "1,2";
				TEST_HOST = "$(BUILT_PRODUCTS_DIR)/EssentialApp.app/$(BUNDLE_EXECUTABLE_FOLDER_PATH)/EssentialApp";
			};
			name = Release;
		};
		22E44F242ABBFEDE00D3F10A /* Debug */ = {
			isa = XCBuildConfiguration;
			buildSettings = {
				ALWAYS_EMBED_SWIFT_STANDARD_LIBRARIES = YES;
				CODE_SIGN_STYLE = Automatic;
				CURRENT_PROJECT_VERSION = 1;
				DEVELOPMENT_TEAM = 9F2D4H2CZL;
				GENERATE_INFOPLIST_FILE = YES;
				MARKETING_VERSION = 1.0;
				PRODUCT_BUNDLE_IDENTIFIER = sinhlh.EssentialAppUITests;
				PRODUCT_NAME = "$(TARGET_NAME)";
				SWIFT_EMIT_LOC_STRINGS = NO;
				SWIFT_VERSION = 5.0;
				TARGETED_DEVICE_FAMILY = "1,2";
				TEST_TARGET_NAME = EssentialApp;
			};
			name = Debug;
		};
		22E44F252ABBFEDE00D3F10A /* Release */ = {
			isa = XCBuildConfiguration;
			buildSettings = {
				ALWAYS_EMBED_SWIFT_STANDARD_LIBRARIES = YES;
				CODE_SIGN_STYLE = Automatic;
				CURRENT_PROJECT_VERSION = 1;
				DEVELOPMENT_TEAM = 9F2D4H2CZL;
				GENERATE_INFOPLIST_FILE = YES;
				MARKETING_VERSION = 1.0;
				PRODUCT_BUNDLE_IDENTIFIER = sinhlh.EssentialAppUITests;
				PRODUCT_NAME = "$(TARGET_NAME)";
				SWIFT_EMIT_LOC_STRINGS = NO;
				SWIFT_VERSION = 5.0;
				TARGETED_DEVICE_FAMILY = "1,2";
				TEST_TARGET_NAME = EssentialApp;
			};
			name = Release;
		};
/* End XCBuildConfiguration section */

/* Begin XCConfigurationList section */
		228BA3432ABE9817006D1476 /* Build configuration list for PBXNativeTarget "EssentialAppUIAcceptanceTests" */ = {
			isa = XCConfigurationList;
			buildConfigurations = (
				228BA3412ABE9817006D1476 /* Debug */,
				228BA3422ABE9817006D1476 /* Release */,
			);
			defaultConfigurationIsVisible = 0;
			defaultConfigurationName = Release;
		};
		22E44EEE2ABBFEDD00D3F10A /* Build configuration list for PBXProject "EssentialApp" */ = {
			isa = XCConfigurationList;
			buildConfigurations = (
				22E44F1B2ABBFEDE00D3F10A /* Debug */,
				22E44F1C2ABBFEDE00D3F10A /* Release */,
			);
			defaultConfigurationIsVisible = 0;
			defaultConfigurationName = Release;
		};
		22E44F1D2ABBFEDE00D3F10A /* Build configuration list for PBXNativeTarget "EssentialApp" */ = {
			isa = XCConfigurationList;
			buildConfigurations = (
				22E44F1E2ABBFEDE00D3F10A /* Debug */,
				22E44F1F2ABBFEDE00D3F10A /* Release */,
			);
			defaultConfigurationIsVisible = 0;
			defaultConfigurationName = Release;
		};
		22E44F202ABBFEDE00D3F10A /* Build configuration list for PBXNativeTarget "EssentialAppTests" */ = {
			isa = XCConfigurationList;
			buildConfigurations = (
				22E44F212ABBFEDE00D3F10A /* Debug */,
				22E44F222ABBFEDE00D3F10A /* Release */,
			);
			defaultConfigurationIsVisible = 0;
			defaultConfigurationName = Release;
		};
		22E44F232ABBFEDE00D3F10A /* Build configuration list for PBXNativeTarget "EssentialAppUITests" */ = {
			isa = XCConfigurationList;
			buildConfigurations = (
				22E44F242ABBFEDE00D3F10A /* Debug */,
				22E44F252ABBFEDE00D3F10A /* Release */,
			);
			defaultConfigurationIsVisible = 0;
			defaultConfigurationName = Release;
		};
/* End XCConfigurationList section */
	};
	rootObject = 22E44EEB2ABBFEDD00D3F10A /* Project object */;
}
